
Microsoft Visual Studio Solution File, Format Version 12.00
# Visual Studio Version 17
VisualStudioVersion = 17.10.34928.147
MinimumVisualStudioVersion = 10.0.40219.1
Project("{9A19103F-16F7-4668-BE54-9A1E7A4F7556}") = "AliasGenerators", "src\AliasGenerators\AliasGenerators.csproj", "{78E84B4E-57D1-491A-8F4E-9879AE49DE0F}"
EndProject
Project("{2150E333-8FDC-42A3-9474-1A3956D46DE8}") = "Utilities", "Utilities", "{01AB9389-2F89-4F8E-A688-BF4BF1FC42C8}"
EndProject
Project("{9A19103F-16F7-4668-BE54-9A1E7A4F7556}") = "FaviconExtractor", "src\Utilities\FaviconExtractor\FaviconExtractor.csproj", "{ED328644-A152-403D-86EB-81201AA07744}"
EndProject
Project("{9A19103F-16F7-4668-BE54-9A1E7A4F7556}") = "AliasVault.UnitTests", "src\Tests\AliasVault.UnitTests\AliasVault.UnitTests.csproj", "{8E6A418A-B305-465D-857D-49953605C18E}"
EndProject
Project("{9A19103F-16F7-4668-BE54-9A1E7A4F7556}") = "Cryptography", "src\Utilities\Cryptography\Cryptography.csproj", "{427EA8E2-EA76-467E-A6BC-201EFE40C0D0}"
EndProject
Project("{9A19103F-16F7-4668-BE54-9A1E7A4F7556}") = "AliasVault.Api", "src\AliasVault.Api\AliasVault.Api.csproj", "{B797C533-260E-4DA2-83B1-0EE4BCFE08DB}"
EndProject
Project("{9A19103F-16F7-4668-BE54-9A1E7A4F7556}") = "AliasVault.WebApp", "src\AliasVault.WebApp\AliasVault.WebApp.csproj", "{25248E01-5A4B-4F95-A63C-BEA01499A1C2}"
EndProject
Project("{9A19103F-16F7-4668-BE54-9A1E7A4F7556}") = "AliasVault.Shared", "src\AliasVault.Shared\AliasVault.Shared.csproj", "{15EFE0D0-F41B-47D7-86B7-8F840335CB82}"
EndProject
Project("{2150E333-8FDC-42A3-9474-1A3956D46DE8}") = "Tests", "Tests", "{29DE523D-EEF2-41E9-AC12-F20D8D02BEBB}"
EndProject
Project("{9A19103F-16F7-4668-BE54-9A1E7A4F7556}") = "AliasVault.E2ETests", "src\Tests\AliasVault.E2ETests\AliasVault.E2ETests.csproj", "{AF013D08-1BF6-4E23-87D2-37F614BE7952}"
EndProject
Project("{2150E333-8FDC-42A3-9474-1A3956D46DE8}") = "Database", "Database", "{5F7417F6-4388-49CC-9511-ED63C4A6488A}"
EndProject
Project("{9A19103F-16F7-4668-BE54-9A1E7A4F7556}") = "AliasServerDb", "src\Databases\AliasServerDb\AliasServerDb.csproj", "{1277105D-50CD-4CE0-9C2C-549F46867E54}"
EndProject
Project("{9A19103F-16F7-4668-BE54-9A1E7A4F7556}") = "AliasClientDb", "src\Databases\AliasClientDb\AliasClientDb.csproj", "{FE10F294-817F-477E-A24F-8597A15AF0B5}"
EndProject
Project("{FAE04EC0-301F-11D3-BF4B-00C04F79EFBC}") = "AliasVault.E2ETests.WebApp.Server", "src\Tests\Server\AliasVault.E2ETests.WebApp.Server\AliasVault.E2ETests.WebApp.Server.csproj", "{DD1F496F-CF10-47D1-A57F-5FA256479332}"
EndProject
Project("{2150E333-8FDC-42A3-9474-1A3956D46DE8}") = "Server", "Server", "{607945F3-9896-4544-99EC-F3496CF4D36B}"
EndProject
Global
	GlobalSection(SolutionConfigurationPlatforms) = preSolution
		Debug|Any CPU = Debug|Any CPU
		Release|Any CPU = Release|Any CPU
	EndGlobalSection
	GlobalSection(ProjectConfigurationPlatforms) = postSolution
		{78E84B4E-57D1-491A-8F4E-9879AE49DE0F}.Debug|Any CPU.ActiveCfg = Debug|Any CPU
		{78E84B4E-57D1-491A-8F4E-9879AE49DE0F}.Debug|Any CPU.Build.0 = Debug|Any CPU
		{78E84B4E-57D1-491A-8F4E-9879AE49DE0F}.Release|Any CPU.ActiveCfg = Release|Any CPU
		{78E84B4E-57D1-491A-8F4E-9879AE49DE0F}.Release|Any CPU.Build.0 = Release|Any CPU
		{ED328644-A152-403D-86EB-81201AA07744}.Debug|Any CPU.ActiveCfg = Debug|Any CPU
		{ED328644-A152-403D-86EB-81201AA07744}.Debug|Any CPU.Build.0 = Debug|Any CPU
		{ED328644-A152-403D-86EB-81201AA07744}.Release|Any CPU.ActiveCfg = Release|Any CPU
		{ED328644-A152-403D-86EB-81201AA07744}.Release|Any CPU.Build.0 = Release|Any CPU
		{8E6A418A-B305-465D-857D-49953605C18E}.Debug|Any CPU.ActiveCfg = Debug|Any CPU
		{8E6A418A-B305-465D-857D-49953605C18E}.Debug|Any CPU.Build.0 = Debug|Any CPU
		{8E6A418A-B305-465D-857D-49953605C18E}.Release|Any CPU.ActiveCfg = Release|Any CPU
		{8E6A418A-B305-465D-857D-49953605C18E}.Release|Any CPU.Build.0 = Release|Any CPU
		{427EA8E2-EA76-467E-A6BC-201EFE40C0D0}.Debug|Any CPU.ActiveCfg = Debug|Any CPU
		{427EA8E2-EA76-467E-A6BC-201EFE40C0D0}.Debug|Any CPU.Build.0 = Debug|Any CPU
		{427EA8E2-EA76-467E-A6BC-201EFE40C0D0}.Release|Any CPU.ActiveCfg = Release|Any CPU
		{427EA8E2-EA76-467E-A6BC-201EFE40C0D0}.Release|Any CPU.Build.0 = Release|Any CPU
		{B797C533-260E-4DA2-83B1-0EE4BCFE08DB}.Debug|Any CPU.ActiveCfg = Debug|Any CPU
		{B797C533-260E-4DA2-83B1-0EE4BCFE08DB}.Debug|Any CPU.Build.0 = Debug|Any CPU
		{B797C533-260E-4DA2-83B1-0EE4BCFE08DB}.Release|Any CPU.ActiveCfg = Release|Any CPU
		{B797C533-260E-4DA2-83B1-0EE4BCFE08DB}.Release|Any CPU.Build.0 = Release|Any CPU
		{25248E01-5A4B-4F95-A63C-BEA01499A1C2}.Debug|Any CPU.ActiveCfg = Debug|Any CPU
		{25248E01-5A4B-4F95-A63C-BEA01499A1C2}.Debug|Any CPU.Build.0 = Debug|Any CPU
		{25248E01-5A4B-4F95-A63C-BEA01499A1C2}.Release|Any CPU.ActiveCfg = Release|Any CPU
		{25248E01-5A4B-4F95-A63C-BEA01499A1C2}.Release|Any CPU.Build.0 = Release|Any CPU
		{15EFE0D0-F41B-47D7-86B7-8F840335CB82}.Debug|Any CPU.ActiveCfg = Debug|Any CPU
		{15EFE0D0-F41B-47D7-86B7-8F840335CB82}.Debug|Any CPU.Build.0 = Debug|Any CPU
		{15EFE0D0-F41B-47D7-86B7-8F840335CB82}.Release|Any CPU.ActiveCfg = Release|Any CPU
		{15EFE0D0-F41B-47D7-86B7-8F840335CB82}.Release|Any CPU.Build.0 = Release|Any CPU
		{AF013D08-1BF6-4E23-87D2-37F614BE7952}.Debug|Any CPU.ActiveCfg = Debug|Any CPU
		{AF013D08-1BF6-4E23-87D2-37F614BE7952}.Debug|Any CPU.Build.0 = Debug|Any CPU
		{AF013D08-1BF6-4E23-87D2-37F614BE7952}.Release|Any CPU.ActiveCfg = Release|Any CPU
		{AF013D08-1BF6-4E23-87D2-37F614BE7952}.Release|Any CPU.Build.0 = Release|Any CPU
		{1277105D-50CD-4CE0-9C2C-549F46867E54}.Debug|Any CPU.ActiveCfg = Debug|Any CPU
		{1277105D-50CD-4CE0-9C2C-549F46867E54}.Debug|Any CPU.Build.0 = Debug|Any CPU
		{1277105D-50CD-4CE0-9C2C-549F46867E54}.Release|Any CPU.ActiveCfg = Release|Any CPU
		{1277105D-50CD-4CE0-9C2C-549F46867E54}.Release|Any CPU.Build.0 = Release|Any CPU
		{FE10F294-817F-477E-A24F-8597A15AF0B5}.Debug|Any CPU.ActiveCfg = Debug|Any CPU
		{FE10F294-817F-477E-A24F-8597A15AF0B5}.Debug|Any CPU.Build.0 = Debug|Any CPU
		{FE10F294-817F-477E-A24F-8597A15AF0B5}.Release|Any CPU.ActiveCfg = Release|Any CPU
		{FE10F294-817F-477E-A24F-8597A15AF0B5}.Release|Any CPU.Build.0 = Release|Any CPU
		{DD1F496F-CF10-47D1-A57F-5FA256479332}.Debug|Any CPU.ActiveCfg = Debug|Any CPU
		{DD1F496F-CF10-47D1-A57F-5FA256479332}.Debug|Any CPU.Build.0 = Debug|Any CPU
		{DD1F496F-CF10-47D1-A57F-5FA256479332}.Release|Any CPU.ActiveCfg = Release|Any CPU
		{DD1F496F-CF10-47D1-A57F-5FA256479332}.Release|Any CPU.Build.0 = Release|Any CPU
	EndGlobalSection
	GlobalSection(SolutionProperties) = preSolution
		HideSolutionNode = FALSE
	EndGlobalSection
	GlobalSection(NestedProjects) = preSolution
		{ED328644-A152-403D-86EB-81201AA07744} = {01AB9389-2F89-4F8E-A688-BF4BF1FC42C8}
		{8E6A418A-B305-465D-857D-49953605C18E} = {29DE523D-EEF2-41E9-AC12-F20D8D02BEBB}
		{427EA8E2-EA76-467E-A6BC-201EFE40C0D0} = {01AB9389-2F89-4F8E-A688-BF4BF1FC42C8}
		{AF013D08-1BF6-4E23-87D2-37F614BE7952} = {29DE523D-EEF2-41E9-AC12-F20D8D02BEBB}
		{1277105D-50CD-4CE0-9C2C-549F46867E54} = {5F7417F6-4388-49CC-9511-ED63C4A6488A}
		{FE10F294-817F-477E-A24F-8597A15AF0B5} = {5F7417F6-4388-49CC-9511-ED63C4A6488A}
		{DD1F496F-CF10-47D1-A57F-5FA256479332} = {607945F3-9896-4544-99EC-F3496CF4D36B}
		{607945F3-9896-4544-99EC-F3496CF4D36B} = {29DE523D-EEF2-41E9-AC12-F20D8D02BEBB}
	EndGlobalSection
	GlobalSection(ExtensibilityGlobals) = postSolution
		SolutionGuid = {FEE82475-C009-4762-8113-A6563D9DC49E}
	EndGlobalSection
EndGlobal
