
Microsoft Visual Studio Solution File, Format Version 12.00
Project("{FAE04EC0-301F-11D3-BF4B-00C04F79EFBC}") = "AliasVault", "src\AliasVault\AliasVault.csproj", "{BD2050C0-DC26-4777-9514-546525307370}"
EndProject
Project("{FAE04EC0-301F-11D3-BF4B-00C04F79EFBC}") = "AliasDb", "src\AliasDb\AliasDb.csproj", "{64F47C9A-FE69-4793-B469-28BAADEC6706}"
EndProject
Project("{FAE04EC0-301F-11D3-BF4B-00C04F79EFBC}") = "AliasGenerators", "src\AliasGenerators\AliasGenerators.csproj", "{78E84B4E-57D1-491A-8F4E-9879AE49DE0F}"
EndProject
Project("{2150E333-8FDC-42A3-9474-1A3956D46DE8}") = "Utilities", "Utilities", "{01AB9389-2F89-4F8E-A688-BF4BF1FC42C8}"
EndProject
Project("{FAE04EC0-301F-11D3-BF4B-00C04F79EFBC}") = "FaviconExtractor", "src\Utilities\FaviconExtractor\FaviconExtractor.csproj", "{ED328644-A152-403D-86EB-81201AA07744}"
EndProject
Project("{FAE04EC0-301F-11D3-BF4B-00C04F79EFBC}") = "AliasVault.Tests", "src\AliasVault.Tests\AliasVault.Tests.csproj", "{8E6A418A-B305-465D-857D-49953605C18E}"
EndProject
Project("{FAE04EC0-301F-11D3-BF4B-00C04F79EFBC}") = "Cryptography", "src\Utilities\Cryptography\Cryptography.csproj", "{427EA8E2-EA76-467E-A6BC-201EFE40C0D0}"
EndProject
Project("{FAE04EC0-301F-11D3-BF4B-00C04F79EFBC}") = "AliasVault.Api", "src\AliasVault.Api\AliasVault.Api.csproj", "{B797C533-260E-4DA2-83B1-0EE4BCFE08DB}"
EndProject
Project("{FAE04EC0-301F-11D3-BF4B-00C04F79EFBC}") = "AliasVault.WebApp", "src\AliasVault.WebApp\AliasVault.WebApp.csproj", "{25248E01-5A4B-4F95-A63C-BEA01499A1C2}"
EndProject
Project("{FAE04EC0-301F-11D3-BF4B-00C04F79EFBC}") = "AliasVault.Shared", "src\AliasVault.Shared\AliasVault.Shared.csproj", "{15EFE0D0-F41B-47D7-86B7-8F840335CB82}"
EndProject
Global
	GlobalSection(SolutionConfigurationPlatforms) = preSolution
		Debug|Any CPU = Debug|Any CPU
		Release|Any CPU = Release|Any CPU
	EndGlobalSection
	GlobalSection(ProjectConfigurationPlatforms) = postSolution
		{BD2050C0-DC26-4777-9514-546525307370}.Debug|Any CPU.ActiveCfg = Debug|Any CPU
		{BD2050C0-DC26-4777-9514-546525307370}.Debug|Any CPU.Build.0 = Debug|Any CPU
		{BD2050C0-DC26-4777-9514-546525307370}.Release|Any CPU.ActiveCfg = Release|Any CPU
		{BD2050C0-DC26-4777-9514-546525307370}.Release|Any CPU.Build.0 = Release|Any CPU
		{64F47C9A-FE69-4793-B469-28BAADEC6706}.Debug|Any CPU.ActiveCfg = Debug|Any CPU
		{64F47C9A-FE69-4793-B469-28BAADEC6706}.Debug|Any CPU.Build.0 = Debug|Any CPU
		{64F47C9A-FE69-4793-B469-28BAADEC6706}.Release|Any CPU.ActiveCfg = Release|Any CPU
		{64F47C9A-FE69-4793-B469-28BAADEC6706}.Release|Any CPU.Build.0 = Release|Any CPU
		{78E84B4E-57D1-491A-8F4E-9879AE49DE0F}.Debug|Any CPU.ActiveCfg = Debug|Any CPU
		{78E84B4E-57D1-491A-8F4E-9879AE49DE0F}.Debug|Any CPU.Build.0 = Debug|Any CPU
		{78E84B4E-57D1-491A-8F4E-9879AE49DE0F}.Release|Any CPU.ActiveCfg = Release|Any CPU
		{78E84B4E-57D1-491A-8F4E-9879AE49DE0F}.Release|Any CPU.Build.0 = Release|Any CPU
		{ED328644-A152-403D-86EB-81201AA07744}.Debug|Any CPU.ActiveCfg = Debug|Any CPU
		{ED328644-A152-403D-86EB-81201AA07744}.Debug|Any CPU.Build.0 = Debug|Any CPU
		{ED328644-A152-403D-86EB-81201AA07744}.Release|Any CPU.ActiveCfg = Release|Any CPU
		{ED328644-A152-403D-86EB-81201AA07744}.Release|Any CPU.Build.0 = Release|Any CPU
		{8E6A418A-B305-465D-857D-49953605C18E}.Debug|Any CPU.ActiveCfg = Debug|Any CPU
		{8E6A418A-B305-465D-857D-49953605C18E}.Debug|Any CPU.Build.0 = Debug|Any CPU
		{8E6A418A-B305-465D-857D-49953605C18E}.Release|Any CPU.ActiveCfg = Release|Any CPU
		{8E6A418A-B305-465D-857D-49953605C18E}.Release|Any CPU.Build.0 = Release|Any CPU
		{427EA8E2-EA76-467E-A6BC-201EFE40C0D0}.Debug|Any CPU.ActiveCfg = Debug|Any CPU
		{427EA8E2-EA76-467E-A6BC-201EFE40C0D0}.Debug|Any CPU.Build.0 = Debug|Any CPU
		{427EA8E2-EA76-467E-A6BC-201EFE40C0D0}.Release|Any CPU.ActiveCfg = Release|Any CPU
		{427EA8E2-EA76-467E-A6BC-201EFE40C0D0}.Release|Any CPU.Build.0 = Release|Any CPU
		{B797C533-260E-4DA2-83B1-0EE4BCFE08DB}.Debug|Any CPU.ActiveCfg = Debug|Any CPU
		{B797C533-260E-4DA2-83B1-0EE4BCFE08DB}.Debug|Any CPU.Build.0 = Debug|Any CPU
		{B797C533-260E-4DA2-83B1-0EE4BCFE08DB}.Release|Any CPU.ActiveCfg = Release|Any CPU
		{B797C533-260E-4DA2-83B1-0EE4BCFE08DB}.Release|Any CPU.Build.0 = Release|Any CPU
		{25248E01-5A4B-4F95-A63C-BEA01499A1C2}.Debug|Any CPU.ActiveCfg = Debug|Any CPU
		{25248E01-5A4B-4F95-A63C-BEA01499A1C2}.Debug|Any CPU.Build.0 = Debug|Any CPU
		{25248E01-5A4B-4F95-A63C-BEA01499A1C2}.Release|Any CPU.ActiveCfg = Release|Any CPU
		{25248E01-5A4B-4F95-A63C-BEA01499A1C2}.Release|Any CPU.Build.0 = Release|Any CPU
		{15EFE0D0-F41B-47D7-86B7-8F840335CB82}.Debug|Any CPU.ActiveCfg = Debug|Any CPU
		{15EFE0D0-F41B-47D7-86B7-8F840335CB82}.Debug|Any CPU.Build.0 = Debug|Any CPU
		{15EFE0D0-F41B-47D7-86B7-8F840335CB82}.Release|Any CPU.ActiveCfg = Release|Any CPU
		{15EFE0D0-F41B-47D7-86B7-8F840335CB82}.Release|Any CPU.Build.0 = Release|Any CPU
	EndGlobalSection
	GlobalSection(NestedProjects) = preSolution
		{ED328644-A152-403D-86EB-81201AA07744} = {01AB9389-2F89-4F8E-A688-BF4BF1FC42C8}
		{427EA8E2-EA76-467E-A6BC-201EFE40C0D0} = {01AB9389-2F89-4F8E-A688-BF4BF1FC42C8}
	EndGlobalSection
EndGlobal
