// !$*UTF8*$!
{
	archiveVersion = 1;
	classes = {
	};
	objectVersion = 60;
	objects = {

/* Begin PBXBuildFile section */
		1381C2F6D317F2404928BA59 /* libPods-VaultUI.a in Frameworks */ = {isa = PBXBuildFile; fileRef = C32D89DCBA51D7C8CDE51DD2 /* libPods-VaultUI.a */; };
		13B07FBC1A68108700A75B9A /* AppDelegate.mm in Sources */ = {isa = PBXBuildFile; fileRef = 13B07FB01A68108700A75B9A /* AppDelegate.mm */; };
		13B07FBF1A68108700A75B9A /* Images.xcassets in Resources */ = {isa = PBXBuildFile; fileRef = 13B07FB51A68108700A75B9A /* Images.xcassets */; };
		13B07FC11A68108700A75B9A /* main.m in Sources */ = {isa = PBXBuildFile; fileRef = 13B07FB71A68108700A75B9A /* main.m */; };
		3D1B0279B0714C8FF732D2D3 /* libPods-AliasVault.a in Frameworks */ = {isa = PBXBuildFile; fileRef = 0E23F2188770B15FCBFEBC57 /* libPods-AliasVault.a */; };
		3E461D99554A48A4959DE609 /* SplashScreen.storyboard in Resources */ = {isa = PBXBuildFile; fileRef = AA286B85B6C04FC6940260E9 /* SplashScreen.storyboard */; };
		9E8B9B9318C79E9CBB868429 /* libPods-VaultStoreKit.a in Frameworks */ = {isa = PBXBuildFile; fileRef = D17078F549B652835E3A4AFA /* libPods-VaultStoreKit.a */; };
		B18059E884C0ABDD17F3DC3D /* ExpoModulesProvider.swift in Sources */ = {isa = PBXBuildFile; fileRef = FAC715A2D49A985799AEE119 /* ExpoModulesProvider.swift */; };
		B2E3CEC9AABDA3497BFE65B7 /* libPods-VaultStoreKitTests.a in Frameworks */ = {isa = PBXBuildFile; fileRef = 9E9AD944E3A0F270C797F5DD /* libPods-VaultStoreKitTests.a */; };
		BB2F792D24A3F905000567C9 /* Expo.plist in Resources */ = {isa = PBXBuildFile; fileRef = BB2F792C24A3F905000567C9 /* Expo.plist */; };
		CE26D68F2DA7FCD2006DC04D /* VaultManager.swift in Sources */ = {isa = PBXBuildFile; fileRef = CE26D68C2DA7FCD2006DC04D /* VaultManager.swift */; };
		CE3AE2B12DC7ACDE00E7745E /* .swiftlint.yml in Resources */ = {isa = PBXBuildFile; fileRef = CE3AE2B02DC7ACD700E7745E /* .swiftlint.yml */; };
		CE48FCEC2DBE939A00E5E3D6 /* VaultModels.framework in Frameworks */ = {isa = PBXBuildFile; fileRef = CEE482AA2DBE8EFE00F4A367 /* VaultModels.framework */; };
		CE48FD372DBE95EB00E5E3D6 /* VaultModels.framework in Frameworks */ = {isa = PBXBuildFile; fileRef = CEE482AA2DBE8EFE00F4A367 /* VaultModels.framework */; };
		CE48FD632DBEA3B800E5E3D6 /* VaultUI.framework in Frameworks */ = {isa = PBXBuildFile; fileRef = CEE4816A2DBE8AC800F4A367 /* VaultUI.framework */; };
		CE73B3A02DFC8A0C0081B6CB /* AppIcon.icon in Resources */ = {isa = PBXBuildFile; fileRef = CE73B39F2DFC8A0C0081B6CB /* AppIcon.icon */; };
		CE9A58FC2DBA982100CB0A4C /* RCTNativeVaultManager.mm in Sources */ = {isa = PBXBuildFile; fileRef = CE9A58FB2DBA982100CB0A4C /* RCTNativeVaultManager.mm */; };
		CE9A5A022DBAAE5000CB0A4C /* RCTNativeVaultManager.h in Sources */ = {isa = PBXBuildFile; fileRef = CE9A58FA2DBA982100CB0A4C /* RCTNativeVaultManager.h */; };
		CEE480922DBE86DD00F4A367 /* VaultStoreKit.framework in Frameworks */ = {isa = PBXBuildFile; fileRef = CEE480872DBE86DC00F4A367 /* VaultStoreKit.framework */; };
		CEE4809C2DBE86DD00F4A367 /* VaultStoreKit.framework in Frameworks */ = {isa = PBXBuildFile; fileRef = CEE480872DBE86DC00F4A367 /* VaultStoreKit.framework */; };
		CEE4809D2DBE86DD00F4A367 /* VaultStoreKit.framework in Embed Frameworks */ = {isa = PBXBuildFile; fileRef = CEE480872DBE86DC00F4A367 /* VaultStoreKit.framework */; settings = {ATTRIBUTES = (CodeSignOnCopy, RemoveHeadersOnCopy, ); }; };
		CEE480AC2DBE88AB00F4A367 /* VaultStoreKit.framework in Frameworks */ = {isa = PBXBuildFile; fileRef = CEE480872DBE86DC00F4A367 /* VaultStoreKit.framework */; };
		CEE4817F2DBE8AC800F4A367 /* VaultUI.framework in Frameworks */ = {isa = PBXBuildFile; fileRef = CEE4816A2DBE8AC800F4A367 /* VaultUI.framework */; };
		CEE481802DBE8AC800F4A367 /* VaultUI.framework in Embed Frameworks */ = {isa = PBXBuildFile; fileRef = CEE4816A2DBE8AC800F4A367 /* VaultUI.framework */; settings = {ATTRIBUTES = (CodeSignOnCopy, RemoveHeadersOnCopy, ); }; };
		CEE482BF2DBE8EFF00F4A367 /* VaultModels.framework in Frameworks */ = {isa = PBXBuildFile; fileRef = CEE482AA2DBE8EFE00F4A367 /* VaultModels.framework */; };
		CEE482C02DBE8EFF00F4A367 /* VaultModels.framework in Embed Frameworks */ = {isa = PBXBuildFile; fileRef = CEE482AA2DBE8EFE00F4A367 /* VaultModels.framework */; settings = {ATTRIBUTES = (CodeSignOnCopy, RemoveHeadersOnCopy, ); }; };
		CEE482CB2DBE8F2B00F4A367 /* VaultModels.framework in Frameworks */ = {isa = PBXBuildFile; fileRef = CEE482AA2DBE8EFE00F4A367 /* VaultModels.framework */; };
		CEE909802DA548C7008D568F /* AuthenticationServices.framework in Frameworks */ = {isa = PBXBuildFile; fileRef = CEE9097F2DA548C7008D568F /* AuthenticationServices.framework */; };
		CEE9098B2DA548C7008D568F /* Autofill.appex in Embed Foundation Extensions */ = {isa = PBXBuildFile; fileRef = CEE9097E2DA548C7008D568F /* Autofill.appex */; settings = {ATTRIBUTES = (RemoveHeadersOnCopy, ); }; };
		D6E19ADE0A608FA46984C60D /* PrivacyInfo.xcprivacy in Resources */ = {isa = PBXBuildFile; fileRef = BA88D6CB4FD656C7180FE9F7 /* PrivacyInfo.xcprivacy */; };
		E8FD7000523F4549908941A2 /* noop-file.swift in Sources */ = {isa = PBXBuildFile; fileRef = 76D5DBE3C1FA4900A7CD27FB /* noop-file.swift */; };
		F53476297C14F7D0583D7988 /* libPods-Autofill.a in Frameworks */ = {isa = PBXBuildFile; fileRef = ADB2CDEB4F04BBB8D4DB589C /* libPods-Autofill.a */; };
/* End PBXBuildFile section */

/* Begin PBXContainerItemProxy section */
		CE48FD652DBEA3B800E5E3D6 /* PBXContainerItemProxy */ = {
			isa = PBXContainerItemProxy;
			containerPortal = 83CBB9F71A601CBA00E9B192 /* Project object */;
			proxyType = 1;
			remoteGlobalIDString = CEE481692DBE8AC800F4A367;
			remoteInfo = VaultUI;
		};
		CEE480932DBE86DD00F4A367 /* PBXContainerItemProxy */ = {
			isa = PBXContainerItemProxy;
			containerPortal = 83CBB9F71A601CBA00E9B192 /* Project object */;
			proxyType = 1;
			remoteGlobalIDString = CEE480862DBE86DC00F4A367;
			remoteInfo = VaultStoreKit;
		};
		CEE480952DBE86DD00F4A367 /* PBXContainerItemProxy */ = {
			isa = PBXContainerItemProxy;
			containerPortal = 83CBB9F71A601CBA00E9B192 /* Project object */;
			proxyType = 1;
			remoteGlobalIDString = 13B07F861A680F5B00A75B9A;
			remoteInfo = AliasVault;
		};
		CEE4809A2DBE86DD00F4A367 /* PBXContainerItemProxy */ = {
			isa = PBXContainerItemProxy;
			containerPortal = 83CBB9F71A601CBA00E9B192 /* Project object */;
			proxyType = 1;
			remoteGlobalIDString = CEE480862DBE86DC00F4A367;
			remoteInfo = VaultStoreKit;
		};
		CEE480AE2DBE88AB00F4A367 /* PBXContainerItemProxy */ = {
			isa = PBXContainerItemProxy;
			containerPortal = 83CBB9F71A601CBA00E9B192 /* Project object */;
			proxyType = 1;
			remoteGlobalIDString = CEE480862DBE86DC00F4A367;
			remoteInfo = VaultStoreKit;
		};
		CEE4817D2DBE8AC800F4A367 /* PBXContainerItemProxy */ = {
			isa = PBXContainerItemProxy;
			containerPortal = 83CBB9F71A601CBA00E9B192 /* Project object */;
			proxyType = 1;
			remoteGlobalIDString = CEE481692DBE8AC800F4A367;
			remoteInfo = VaultUI;
		};
		CEE482BD2DBE8EFF00F4A367 /* PBXContainerItemProxy */ = {
			isa = PBXContainerItemProxy;
			containerPortal = 83CBB9F71A601CBA00E9B192 /* Project object */;
			proxyType = 1;
			remoteGlobalIDString = CEE482A92DBE8EFE00F4A367;
			remoteInfo = VaultModels;
		};
		CEE909892DA548C7008D568F /* PBXContainerItemProxy */ = {
			isa = PBXContainerItemProxy;
			containerPortal = 83CBB9F71A601CBA00E9B192 /* Project object */;
			proxyType = 1;
			remoteGlobalIDString = CEE9097D2DA548C7008D568F;
			remoteInfo = autofill;
		};
/* End PBXContainerItemProxy section */

/* Begin PBXCopyFilesBuildPhase section */
		CEE480A12DBE86DD00F4A367 /* Embed Frameworks */ = {
			isa = PBXCopyFilesBuildPhase;
			buildActionMask = 2147483647;
			dstPath = "";
			dstSubfolderSpec = 10;
			files = (
				CEE4809D2DBE86DD00F4A367 /* VaultStoreKit.framework in Embed Frameworks */,
				CEE481802DBE8AC800F4A367 /* VaultUI.framework in Embed Frameworks */,
				CEE482C02DBE8EFF00F4A367 /* VaultModels.framework in Embed Frameworks */,
			);
			name = "Embed Frameworks";
			runOnlyForDeploymentPostprocessing = 0;
		};
		CEE480B02DBE88AB00F4A367 /* Embed Frameworks */ = {
			isa = PBXCopyFilesBuildPhase;
			buildActionMask = 2147483647;
			dstPath = "";
			dstSubfolderSpec = 10;
			files = (
			);
			name = "Embed Frameworks";
			runOnlyForDeploymentPostprocessing = 0;
		};
		CEE9098C2DA548C7008D568F /* Embed Foundation Extensions */ = {
			isa = PBXCopyFilesBuildPhase;
			buildActionMask = 2147483647;
			dstPath = "";
			dstSubfolderSpec = 13;
			files = (
				CEE9098B2DA548C7008D568F /* Autofill.appex in Embed Foundation Extensions */,
			);
			name = "Embed Foundation Extensions";
			runOnlyForDeploymentPostprocessing = 0;
		};
/* End PBXCopyFilesBuildPhase section */

/* Begin PBXFileReference section */
		09DFCC3CBA13D19073CBCC7F /* Pods-VaultStoreKit.debug.xcconfig */ = {isa = PBXFileReference; includeInIndex = 1; lastKnownFileType = text.xcconfig; name = "Pods-VaultStoreKit.debug.xcconfig"; path = "Target Support Files/Pods-VaultStoreKit/Pods-VaultStoreKit.debug.xcconfig"; sourceTree = "<group>"; };
		0E23F2188770B15FCBFEBC57 /* libPods-AliasVault.a */ = {isa = PBXFileReference; explicitFileType = archive.ar; includeInIndex = 0; path = "libPods-AliasVault.a"; sourceTree = BUILT_PRODUCTS_DIR; };
		13B07F961A680F5B00A75B9A /* AliasVault.app */ = {isa = PBXFileReference; explicitFileType = wrapper.application; includeInIndex = 0; path = AliasVault.app; sourceTree = BUILT_PRODUCTS_DIR; };
		13B07FAF1A68108700A75B9A /* AppDelegate.h */ = {isa = PBXFileReference; fileEncoding = 4; lastKnownFileType = sourcecode.c.h; name = AppDelegate.h; path = AliasVault/AppDelegate.h; sourceTree = "<group>"; };
		13B07FB01A68108700A75B9A /* AppDelegate.mm */ = {isa = PBXFileReference; fileEncoding = 4; lastKnownFileType = sourcecode.cpp.objcpp; name = AppDelegate.mm; path = AliasVault/AppDelegate.mm; sourceTree = "<group>"; };
		13B07FB51A68108700A75B9A /* Images.xcassets */ = {isa = PBXFileReference; lastKnownFileType = folder.assetcatalog; name = Images.xcassets; path = AliasVault/Images.xcassets; sourceTree = "<group>"; };
		13B07FB61A68108700A75B9A /* Info.plist */ = {isa = PBXFileReference; fileEncoding = 4; lastKnownFileType = text.plist.xml; name = Info.plist; path = AliasVault/Info.plist; sourceTree = "<group>"; };
		13B07FB71A68108700A75B9A /* main.m */ = {isa = PBXFileReference; fileEncoding = 4; lastKnownFileType = sourcecode.c.objc; name = main.m; path = AliasVault/main.m; sourceTree = "<group>"; };
		1A927300CBD3BFE2B7A3CA37 /* Pods-VaultUI.release.xcconfig */ = {isa = PBXFileReference; includeInIndex = 1; lastKnownFileType = text.xcconfig; name = "Pods-VaultUI.release.xcconfig"; path = "Target Support Files/Pods-VaultUI/Pods-VaultUI.release.xcconfig"; sourceTree = "<group>"; };
		238920B861580FF8C96D6B5B /* libPods-PreviewHost.a */ = {isa = PBXFileReference; explicitFileType = archive.ar; includeInIndex = 0; path = "libPods-PreviewHost.a"; sourceTree = BUILT_PRODUCTS_DIR; };
		368EE3A71DE7308558E8E815 /* Pods-VaultStoreKit.release.xcconfig */ = {isa = PBXFileReference; includeInIndex = 1; lastKnownFileType = text.xcconfig; name = "Pods-VaultStoreKit.release.xcconfig"; path = "Target Support Files/Pods-VaultStoreKit/Pods-VaultStoreKit.release.xcconfig"; sourceTree = "<group>"; };
		456ACD01FF420AE789429A59 /* libPods-VaultStoreTests.a */ = {isa = PBXFileReference; explicitFileType = archive.ar; includeInIndex = 0; path = "libPods-VaultStoreTests.a"; sourceTree = BUILT_PRODUCTS_DIR; };
		587654EE2E1F1914DBBD7F37 /* Pods-Autofill.release.xcconfig */ = {isa = PBXFileReference; includeInIndex = 1; lastKnownFileType = text.xcconfig; name = "Pods-Autofill.release.xcconfig"; path = "Target Support Files/Pods-Autofill/Pods-Autofill.release.xcconfig"; sourceTree = "<group>"; };
		5C1EA06BE7608888B8DF9CE0 /* Pods-AliasVault.debug.xcconfig */ = {isa = PBXFileReference; includeInIndex = 1; lastKnownFileType = text.xcconfig; name = "Pods-AliasVault.debug.xcconfig"; path = "Target Support Files/Pods-AliasVault/Pods-AliasVault.debug.xcconfig"; sourceTree = "<group>"; };
		76D5DBE3C1FA4900A7CD27FB /* noop-file.swift */ = {isa = PBXFileReference; explicitFileType = undefined; fileEncoding = 4; includeInIndex = 0; lastKnownFileType = sourcecode.swift; name = "noop-file.swift"; path = "AliasVault/noop-file.swift"; sourceTree = "<group>"; };
		80E31207C11AA9B7984E118D /* Pods-VaultStoreTests.debug.xcconfig */ = {isa = PBXFileReference; includeInIndex = 1; lastKnownFileType = text.xcconfig; name = "Pods-VaultStoreTests.debug.xcconfig"; path = "Target Support Files/Pods-VaultStoreTests/Pods-VaultStoreTests.debug.xcconfig"; sourceTree = "<group>"; };
		82C6F986E9F08FE1179D0A40 /* Pods-AliasVault.release.xcconfig */ = {isa = PBXFileReference; includeInIndex = 1; lastKnownFileType = text.xcconfig; name = "Pods-AliasVault.release.xcconfig"; path = "Target Support Files/Pods-AliasVault/Pods-AliasVault.release.xcconfig"; sourceTree = "<group>"; };
		83C4F2FD713FB96C56BB0D24 /* Pods-VaultStoreTests.release.xcconfig */ = {isa = PBXFileReference; includeInIndex = 1; lastKnownFileType = text.xcconfig; name = "Pods-VaultStoreTests.release.xcconfig"; path = "Target Support Files/Pods-VaultStoreTests/Pods-VaultStoreTests.release.xcconfig"; sourceTree = "<group>"; };
		962DE0FB93C9458BAFEEED60 /* AliasVault-Bridging-Header.h */ = {isa = PBXFileReference; explicitFileType = undefined; fileEncoding = 4; includeInIndex = 0; lastKnownFileType = sourcecode.c.h; name = "AliasVault-Bridging-Header.h"; path = "AliasVault/AliasVault-Bridging-Header.h"; sourceTree = "<group>"; };
		9668BBEEC62508A81A7214E2 /* Pods-PreviewHost.release.xcconfig */ = {isa = PBXFileReference; includeInIndex = 1; lastKnownFileType = text.xcconfig; name = "Pods-PreviewHost.release.xcconfig"; path = "Target Support Files/Pods-PreviewHost/Pods-PreviewHost.release.xcconfig"; sourceTree = "<group>"; };
		9E9AD944E3A0F270C797F5DD /* libPods-VaultStoreKitTests.a */ = {isa = PBXFileReference; explicitFileType = archive.ar; includeInIndex = 0; path = "libPods-VaultStoreKitTests.a"; sourceTree = BUILT_PRODUCTS_DIR; };
		A9E70CCF7AAA4E05B57CCCC4 /* Pods-VaultStoreKitTests.debug.xcconfig */ = {isa = PBXFileReference; includeInIndex = 1; lastKnownFileType = text.xcconfig; name = "Pods-VaultStoreKitTests.debug.xcconfig"; path = "Target Support Files/Pods-VaultStoreKitTests/Pods-VaultStoreKitTests.debug.xcconfig"; sourceTree = "<group>"; };
		AA286B85B6C04FC6940260E9 /* SplashScreen.storyboard */ = {isa = PBXFileReference; fileEncoding = 4; lastKnownFileType = file.storyboard; name = SplashScreen.storyboard; path = AliasVault/SplashScreen.storyboard; sourceTree = "<group>"; };
		ADB2CDEB4F04BBB8D4DB589C /* libPods-Autofill.a */ = {isa = PBXFileReference; explicitFileType = archive.ar; includeInIndex = 0; path = "libPods-Autofill.a"; sourceTree = BUILT_PRODUCTS_DIR; };
		B18F3A7E310165C29C8C6DFE /* Pods-VaultStoreKitTests.release.xcconfig */ = {isa = PBXFileReference; includeInIndex = 1; lastKnownFileType = text.xcconfig; name = "Pods-VaultStoreKitTests.release.xcconfig"; path = "Target Support Files/Pods-VaultStoreKitTests/Pods-VaultStoreKitTests.release.xcconfig"; sourceTree = "<group>"; };
		B3C355F5D1686A5CF7706974 /* Pods-VaultUI.debug.xcconfig */ = {isa = PBXFileReference; includeInIndex = 1; lastKnownFileType = text.xcconfig; name = "Pods-VaultUI.debug.xcconfig"; path = "Target Support Files/Pods-VaultUI/Pods-VaultUI.debug.xcconfig"; sourceTree = "<group>"; };
		BA88D6CB4FD656C7180FE9F7 /* PrivacyInfo.xcprivacy */ = {isa = PBXFileReference; includeInIndex = 1; lastKnownFileType = text.xml; name = PrivacyInfo.xcprivacy; path = AliasVault/PrivacyInfo.xcprivacy; sourceTree = "<group>"; };
		BB2F792C24A3F905000567C9 /* Expo.plist */ = {isa = PBXFileReference; fileEncoding = 4; lastKnownFileType = text.plist.xml; path = Expo.plist; sourceTree = "<group>"; };
		C32D89DCBA51D7C8CDE51DD2 /* libPods-VaultUI.a */ = {isa = PBXFileReference; explicitFileType = archive.ar; includeInIndex = 0; path = "libPods-VaultUI.a"; sourceTree = BUILT_PRODUCTS_DIR; };
		C87FA54AAFE121325F22CDDE /* Pods-PreviewHost.debug.xcconfig */ = {isa = PBXFileReference; includeInIndex = 1; lastKnownFileType = text.xcconfig; name = "Pods-PreviewHost.debug.xcconfig"; path = "Target Support Files/Pods-PreviewHost/Pods-PreviewHost.debug.xcconfig"; sourceTree = "<group>"; };
		CE26D68C2DA7FCD2006DC04D /* VaultManager.swift */ = {isa = PBXFileReference; lastKnownFileType = sourcecode.swift; path = VaultManager.swift; sourceTree = "<group>"; };
		CE3AE2B02DC7ACD700E7745E /* .swiftlint.yml */ = {isa = PBXFileReference; lastKnownFileType = text.yaml; path = .swiftlint.yml; sourceTree = "<group>"; };
		CE73B39F2DFC8A0C0081B6CB /* AppIcon.icon */ = {isa = PBXFileReference; lastKnownFileType = wrapper; path = AppIcon.icon; sourceTree = "<group>"; };
		CE9A58FA2DBA982100CB0A4C /* RCTNativeVaultManager.h */ = {isa = PBXFileReference; lastKnownFileType = sourcecode.c.h; path = RCTNativeVaultManager.h; sourceTree = "<group>"; };
		CE9A58FB2DBA982100CB0A4C /* RCTNativeVaultManager.mm */ = {isa = PBXFileReference; lastKnownFileType = sourcecode.cpp.objcpp; path = RCTNativeVaultManager.mm; sourceTree = "<group>"; };
		CE9A5B662DBAE42B00CB0A4C /* README.md */ = {isa = PBXFileReference; lastKnownFileType = net.daringfireball.markdown; path = README.md; sourceTree = "<group>"; };
		CEE480872DBE86DC00F4A367 /* VaultStoreKit.framework */ = {isa = PBXFileReference; explicitFileType = wrapper.framework; includeInIndex = 0; path = VaultStoreKit.framework; sourceTree = BUILT_PRODUCTS_DIR; };
		CEE480912DBE86DD00F4A367 /* VaultStoreKitTests.xctest */ = {isa = PBXFileReference; explicitFileType = wrapper.cfbundle; includeInIndex = 0; path = VaultStoreKitTests.xctest; sourceTree = BUILT_PRODUCTS_DIR; };
		CEE4816A2DBE8AC800F4A367 /* VaultUI.framework */ = {isa = PBXFileReference; explicitFileType = wrapper.framework; includeInIndex = 0; path = VaultUI.framework; sourceTree = BUILT_PRODUCTS_DIR; };
		CEE482AA2DBE8EFE00F4A367 /* VaultModels.framework */ = {isa = PBXFileReference; explicitFileType = wrapper.framework; includeInIndex = 0; path = VaultModels.framework; sourceTree = BUILT_PRODUCTS_DIR; };
		CEE483162DBE905000F4A367 /* libMacaw.a */ = {isa = PBXFileReference; explicitFileType = archive.ar; path = libMacaw.a; sourceTree = BUILT_PRODUCTS_DIR; };
		CEE9097E2DA548C7008D568F /* Autofill.appex */ = {isa = PBXFileReference; explicitFileType = "wrapper.app-extension"; includeInIndex = 0; path = Autofill.appex; sourceTree = BUILT_PRODUCTS_DIR; };
		CEE9097F2DA548C7008D568F /* AuthenticationServices.framework */ = {isa = PBXFileReference; lastKnownFileType = wrapper.framework; name = AuthenticationServices.framework; path = System/Library/Frameworks/AuthenticationServices.framework; sourceTree = SDKROOT; };
		D17078F549B652835E3A4AFA /* libPods-VaultStoreKit.a */ = {isa = PBXFileReference; explicitFileType = archive.ar; includeInIndex = 0; path = "libPods-VaultStoreKit.a"; sourceTree = BUILT_PRODUCTS_DIR; };
		ED297162215061F000B7C4FE /* JavaScriptCore.framework */ = {isa = PBXFileReference; lastKnownFileType = wrapper.framework; name = JavaScriptCore.framework; path = System/Library/Frameworks/JavaScriptCore.framework; sourceTree = SDKROOT; };
		F8E67ADE689A44F7301E9453 /* Pods-Autofill.debug.xcconfig */ = {isa = PBXFileReference; includeInIndex = 1; lastKnownFileType = text.xcconfig; name = "Pods-Autofill.debug.xcconfig"; path = "Target Support Files/Pods-Autofill/Pods-Autofill.debug.xcconfig"; sourceTree = "<group>"; };
		FAC715A2D49A985799AEE119 /* ExpoModulesProvider.swift */ = {isa = PBXFileReference; includeInIndex = 1; lastKnownFileType = sourcecode.swift; name = ExpoModulesProvider.swift; path = "Pods/Target Support Files/Pods-AliasVault/ExpoModulesProvider.swift"; sourceTree = "<group>"; };
/* End PBXFileReference section */

/* Begin PBXFileSystemSynchronizedBuildFileExceptionSet section */
		CEE9098F2DA548C7008D568F /* Exceptions for "Autofill" folder in "Autofill" target */ = {
			isa = PBXFileSystemSynchronizedBuildFileExceptionSet;
			membershipExceptions = (
				Info.plist,
			);
			target = CEE9097D2DA548C7008D568F /* Autofill */;
		};
/* End PBXFileSystemSynchronizedBuildFileExceptionSet section */

/* Begin PBXFileSystemSynchronizedRootGroup section */
		CEE480882DBE86DC00F4A367 /* VaultStoreKit */ = {
			isa = PBXFileSystemSynchronizedRootGroup;
			exceptions = (
			);
			explicitFileTypes = {
			};
			explicitFolders = (
			);
			path = VaultStoreKit;
			sourceTree = "<group>";
		};
		CEE480972DBE86DD00F4A367 /* VaultStoreKitTests */ = {
			isa = PBXFileSystemSynchronizedRootGroup;
			exceptions = (
			);
			explicitFileTypes = {
			};
			explicitFolders = (
			);
			path = VaultStoreKitTests;
			sourceTree = "<group>";
		};
		CEE4816B2DBE8AC800F4A367 /* VaultUI */ = {
			isa = PBXFileSystemSynchronizedRootGroup;
			exceptions = (
			);
			explicitFileTypes = {
			};
			explicitFolders = (
			);
			path = VaultUI;
			sourceTree = "<group>";
		};
		CEE482AB2DBE8EFE00F4A367 /* VaultModels */ = {
			isa = PBXFileSystemSynchronizedRootGroup;
			exceptions = (
			);
			explicitFileTypes = {
			};
			explicitFolders = (
			);
			path = VaultModels;
			sourceTree = "<group>";
		};
		CEE909812DA548C7008D568F /* Autofill */ = {
			isa = PBXFileSystemSynchronizedRootGroup;
			exceptions = (
				CEE9098F2DA548C7008D568F /* Exceptions for "Autofill" folder in "Autofill" target */,
			);
			explicitFileTypes = {
			};
			explicitFolders = (
			);
			path = Autofill;
			sourceTree = "<group>";
		};
/* End PBXFileSystemSynchronizedRootGroup section */

/* Begin PBXFrameworksBuildPhase section */
		13B07F8C1A680F5B00A75B9A /* Frameworks */ = {
			isa = PBXFrameworksBuildPhase;
			buildActionMask = 2147483647;
			files = (
				CEE4817F2DBE8AC800F4A367 /* VaultUI.framework in Frameworks */,
				CEE482BF2DBE8EFF00F4A367 /* VaultModels.framework in Frameworks */,
				CEE4809C2DBE86DD00F4A367 /* VaultStoreKit.framework in Frameworks */,
				3D1B0279B0714C8FF732D2D3 /* libPods-AliasVault.a in Frameworks */,
			);
			runOnlyForDeploymentPostprocessing = 0;
		};
		CEE480842DBE86DC00F4A367 /* Frameworks */ = {
			isa = PBXFrameworksBuildPhase;
			buildActionMask = 2147483647;
			files = (
				CE48FCEC2DBE939A00E5E3D6 /* VaultModels.framework in Frameworks */,
				9E8B9B9318C79E9CBB868429 /* libPods-VaultStoreKit.a in Frameworks */,
			);
			runOnlyForDeploymentPostprocessing = 0;
		};
		CEE4808E2DBE86DD00F4A367 /* Frameworks */ = {
			isa = PBXFrameworksBuildPhase;
			buildActionMask = 2147483647;
			files = (
				CEE480922DBE86DD00F4A367 /* VaultStoreKit.framework in Frameworks */,
				B2E3CEC9AABDA3497BFE65B7 /* libPods-VaultStoreKitTests.a in Frameworks */,
			);
			runOnlyForDeploymentPostprocessing = 0;
		};
		CEE481672DBE8AC800F4A367 /* Frameworks */ = {
			isa = PBXFrameworksBuildPhase;
			buildActionMask = 2147483647;
			files = (
				CEE482CB2DBE8F2B00F4A367 /* VaultModels.framework in Frameworks */,
				1381C2F6D317F2404928BA59 /* libPods-VaultUI.a in Frameworks */,
			);
			runOnlyForDeploymentPostprocessing = 0;
		};
		CEE482A72DBE8EFE00F4A367 /* Frameworks */ = {
			isa = PBXFrameworksBuildPhase;
			buildActionMask = 2147483647;
			files = (
			);
			runOnlyForDeploymentPostprocessing = 0;
		};
		CEE9097B2DA548C7008D568F /* Frameworks */ = {
			isa = PBXFrameworksBuildPhase;
			buildActionMask = 2147483647;
			files = (
				CE48FD632DBEA3B800E5E3D6 /* VaultUI.framework in Frameworks */,
				CE48FD372DBE95EB00E5E3D6 /* VaultModels.framework in Frameworks */,
				CEE909802DA548C7008D568F /* AuthenticationServices.framework in Frameworks */,
				CEE480AC2DBE88AB00F4A367 /* VaultStoreKit.framework in Frameworks */,
				F53476297C14F7D0583D7988 /* libPods-Autofill.a in Frameworks */,
			);
			runOnlyForDeploymentPostprocessing = 0;
		};
/* End PBXFrameworksBuildPhase section */

/* Begin PBXGroup section */
		13B07FAE1A68108700A75B9A /* AliasVault */ = {
			isa = PBXGroup;
			children = (
				962DE0FB93C9458BAFEEED60 /* AliasVault-Bridging-Header.h */,
				13B07FAF1A68108700A75B9A /* AppDelegate.h */,
				13B07FB01A68108700A75B9A /* AppDelegate.mm */,
				13B07FB51A68108700A75B9A /* Images.xcassets */,
				CE73B39F2DFC8A0C0081B6CB /* AppIcon.icon */,
				13B07FB61A68108700A75B9A /* Info.plist */,
				13B07FB71A68108700A75B9A /* main.m */,
				76D5DBE3C1FA4900A7CD27FB /* noop-file.swift */,
				BA88D6CB4FD656C7180FE9F7 /* PrivacyInfo.xcprivacy */,
				AA286B85B6C04FC6940260E9 /* SplashScreen.storyboard */,
				BB2F792B24A3F905000567C9 /* Supporting */,
			);
			name = AliasVault;
			sourceTree = "<group>";
		};
		2D16E6871FA4F8E400B85C8A /* Frameworks */ = {
			isa = PBXGroup;
			children = (
				CEE483162DBE905000F4A367 /* libMacaw.a */,
				ED297162215061F000B7C4FE /* JavaScriptCore.framework */,
				CEE9097F2DA548C7008D568F /* AuthenticationServices.framework */,
				0E23F2188770B15FCBFEBC57 /* libPods-AliasVault.a */,
				ADB2CDEB4F04BBB8D4DB589C /* libPods-Autofill.a */,
				238920B861580FF8C96D6B5B /* libPods-PreviewHost.a */,
				D17078F549B652835E3A4AFA /* libPods-VaultStoreKit.a */,
				456ACD01FF420AE789429A59 /* libPods-VaultStoreTests.a */,
				C32D89DCBA51D7C8CDE51DD2 /* libPods-VaultUI.a */,
				9E9AD944E3A0F270C797F5DD /* libPods-VaultStoreKitTests.a */,
			);
			name = Frameworks;
			sourceTree = "<group>";
		};
		832341AE1AAA6A7D00B99B32 /* Libraries */ = {
			isa = PBXGroup;
			children = (
			);
			name = Libraries;
			sourceTree = "<group>";
		};
		83CBB9F61A601CBA00E9B192 = {
			isa = PBXGroup;
			children = (
				CE3AE2B02DC7ACD700E7745E /* .swiftlint.yml */,
				CE9A58F92DBA97D500CB0A4C /* NativeVaultManager */,
				13B07FAE1A68108700A75B9A /* AliasVault */,
				CEE909812DA548C7008D568F /* Autofill */,
				D7E4C46ADA2E9064B798F356 /* ExpoModulesProviders */,
				CEE480882DBE86DC00F4A367 /* VaultStoreKit */,
				CEE480972DBE86DD00F4A367 /* VaultStoreKitTests */,
				CEE4816B2DBE8AC800F4A367 /* VaultUI */,
				CEE482AB2DBE8EFE00F4A367 /* VaultModels */,
				2D16E6871FA4F8E400B85C8A /* Frameworks */,
				832341AE1AAA6A7D00B99B32 /* Libraries */,
				D65327D7A22EEC0BE12398D9 /* Pods */,
				83CBBA001A601CBA00E9B192 /* Products */,
			);
			indentWidth = 2;
			sourceTree = "<group>";
			tabWidth = 2;
			usesTabs = 0;
		};
		83CBBA001A601CBA00E9B192 /* Products */ = {
			isa = PBXGroup;
			children = (
				13B07F961A680F5B00A75B9A /* AliasVault.app */,
				CEE9097E2DA548C7008D568F /* Autofill.appex */,
				CEE480872DBE86DC00F4A367 /* VaultStoreKit.framework */,
				CEE480912DBE86DD00F4A367 /* VaultStoreKitTests.xctest */,
				CEE4816A2DBE8AC800F4A367 /* VaultUI.framework */,
				CEE482AA2DBE8EFE00F4A367 /* VaultModels.framework */,
			);
			name = Products;
			sourceTree = "<group>";
		};
		92DBD88DE9BF7D494EA9DA96 /* AliasVault */ = {
			isa = PBXGroup;
			children = (
				FAC715A2D49A985799AEE119 /* ExpoModulesProvider.swift */,
			);
			name = AliasVault;
			sourceTree = "<group>";
		};
		BB2F792B24A3F905000567C9 /* Supporting */ = {
			isa = PBXGroup;
			children = (
				BB2F792C24A3F905000567C9 /* Expo.plist */,
			);
			name = Supporting;
			path = AliasVault/Supporting;
			sourceTree = "<group>";
		};
		CE9A58F92DBA97D500CB0A4C /* NativeVaultManager */ = {
			isa = PBXGroup;
			children = (
				CE26D68C2DA7FCD2006DC04D /* VaultManager.swift */,
				CE9A58FA2DBA982100CB0A4C /* RCTNativeVaultManager.h */,
				CE9A58FB2DBA982100CB0A4C /* RCTNativeVaultManager.mm */,
				CE9A5B662DBAE42B00CB0A4C /* README.md */,
			);
			path = NativeVaultManager;
			sourceTree = "<group>";
		};
		D65327D7A22EEC0BE12398D9 /* Pods */ = {
			isa = PBXGroup;
			children = (
				5C1EA06BE7608888B8DF9CE0 /* Pods-AliasVault.debug.xcconfig */,
				82C6F986E9F08FE1179D0A40 /* Pods-AliasVault.release.xcconfig */,
				F8E67ADE689A44F7301E9453 /* Pods-Autofill.debug.xcconfig */,
				587654EE2E1F1914DBBD7F37 /* Pods-Autofill.release.xcconfig */,
				C87FA54AAFE121325F22CDDE /* Pods-PreviewHost.debug.xcconfig */,
				9668BBEEC62508A81A7214E2 /* Pods-PreviewHost.release.xcconfig */,
				09DFCC3CBA13D19073CBCC7F /* Pods-VaultStoreKit.debug.xcconfig */,
				368EE3A71DE7308558E8E815 /* Pods-VaultStoreKit.release.xcconfig */,
				80E31207C11AA9B7984E118D /* Pods-VaultStoreTests.debug.xcconfig */,
				83C4F2FD713FB96C56BB0D24 /* Pods-VaultStoreTests.release.xcconfig */,
				B3C355F5D1686A5CF7706974 /* Pods-VaultUI.debug.xcconfig */,
				1A927300CBD3BFE2B7A3CA37 /* Pods-VaultUI.release.xcconfig */,
				A9E70CCF7AAA4E05B57CCCC4 /* Pods-VaultStoreKitTests.debug.xcconfig */,
				B18F3A7E310165C29C8C6DFE /* Pods-VaultStoreKitTests.release.xcconfig */,
			);
			path = Pods;
			sourceTree = "<group>";
		};
		D7E4C46ADA2E9064B798F356 /* ExpoModulesProviders */ = {
			isa = PBXGroup;
			children = (
				92DBD88DE9BF7D494EA9DA96 /* AliasVault */,
			);
			name = ExpoModulesProviders;
			sourceTree = "<group>";
		};
/* End PBXGroup section */

/* Begin PBXHeadersBuildPhase section */
		CEE480822DBE86DC00F4A367 /* Headers */ = {
			isa = PBXHeadersBuildPhase;
			buildActionMask = 2147483647;
			files = (
			);
			runOnlyForDeploymentPostprocessing = 0;
		};
		CEE481652DBE8AC800F4A367 /* Headers */ = {
			isa = PBXHeadersBuildPhase;
			buildActionMask = 2147483647;
			files = (
			);
			runOnlyForDeploymentPostprocessing = 0;
		};
		CEE482A52DBE8EFE00F4A367 /* Headers */ = {
			isa = PBXHeadersBuildPhase;
			buildActionMask = 2147483647;
			files = (
			);
			runOnlyForDeploymentPostprocessing = 0;
		};
/* End PBXHeadersBuildPhase section */

/* Begin PBXNativeTarget section */
		13B07F861A680F5B00A75B9A /* AliasVault */ = {
			isa = PBXNativeTarget;
			buildConfigurationList = 13B07F931A680F5B00A75B9A /* Build configuration list for PBXNativeTarget "AliasVault" */;
			buildPhases = (
				F7C6F61800903459AF1BE4C6 /* [CP] Check Pods Manifest.lock */,
				B7077E857026DF166CBD9F8D /* [Expo] Configure project */,
				13B07F871A680F5B00A75B9A /* Sources */,
				13B07F8C1A680F5B00A75B9A /* Frameworks */,
				13B07F8E1A680F5B00A75B9A /* Resources */,
				00DD1BFF1BD5951E006B06BC /* Bundle React Native code and images */,
				CEE9098C2DA548C7008D568F /* Embed Foundation Extensions */,
				CEE480A12DBE86DD00F4A367 /* Embed Frameworks */,
				F09C43BBB1E788B0094C9F0D /* [CP] Embed Pods Frameworks */,
				237430D176B6590F50FD5A12 /* [CP] Copy Pods Resources */,
				CE3AE4A42DC7FADC00E7745E /* Run Script */,
			);
			buildRules = (
			);
			dependencies = (
				CEE9098A2DA548C7008D568F /* PBXTargetDependency */,
				CEE4809B2DBE86DD00F4A367 /* PBXTargetDependency */,
				CEE4817E2DBE8AC800F4A367 /* PBXTargetDependency */,
				CEE482BE2DBE8EFF00F4A367 /* PBXTargetDependency */,
			);
			name = AliasVault;
			productName = AliasVault;
			productReference = 13B07F961A680F5B00A75B9A /* AliasVault.app */;
			productType = "com.apple.product-type.application";
		};
		CEE480862DBE86DC00F4A367 /* VaultStoreKit */ = {
			isa = PBXNativeTarget;
			buildConfigurationList = CEE4809E2DBE86DD00F4A367 /* Build configuration list for PBXNativeTarget "VaultStoreKit" */;
			buildPhases = (
				CBF1BF747E3EB6DC3F2F5AB8 /* [CP] Check Pods Manifest.lock */,
				CEE480822DBE86DC00F4A367 /* Headers */,
				CEE480832DBE86DC00F4A367 /* Sources */,
				CEE480842DBE86DC00F4A367 /* Frameworks */,
				CEE480852DBE86DC00F4A367 /* Resources */,
			);
			buildRules = (
			);
			dependencies = (
			);
			fileSystemSynchronizedGroups = (
				CEE480882DBE86DC00F4A367 /* VaultStoreKit */,
			);
			name = VaultStoreKit;
			productName = VaultStoreKit;
			productReference = CEE480872DBE86DC00F4A367 /* VaultStoreKit.framework */;
			productType = "com.apple.product-type.framework";
		};
		CEE480902DBE86DD00F4A367 /* VaultStoreKitTests */ = {
			isa = PBXNativeTarget;
			buildConfigurationList = CEE480A22DBE86DD00F4A367 /* Build configuration list for PBXNativeTarget "VaultStoreKitTests" */;
			buildPhases = (
				5DC7F827F296E839DC4DE7BD /* [CP] Check Pods Manifest.lock */,
				CEE4808D2DBE86DD00F4A367 /* Sources */,
				CEE4808E2DBE86DD00F4A367 /* Frameworks */,
				CEE4808F2DBE86DD00F4A367 /* Resources */,
			);
			buildRules = (
			);
			dependencies = (
				CEE480942DBE86DD00F4A367 /* PBXTargetDependency */,
				CEE480962DBE86DD00F4A367 /* PBXTargetDependency */,
			);
			fileSystemSynchronizedGroups = (
				CEE480972DBE86DD00F4A367 /* VaultStoreKitTests */,
			);
			name = VaultStoreKitTests;
			productName = VaultStoreKitTests;
			productReference = CEE480912DBE86DD00F4A367 /* VaultStoreKitTests.xctest */;
			productType = "com.apple.product-type.bundle.unit-test";
		};
		CEE481692DBE8AC800F4A367 /* VaultUI */ = {
			isa = PBXNativeTarget;
			buildConfigurationList = CEE481852DBE8AC800F4A367 /* Build configuration list for PBXNativeTarget "VaultUI" */;
			buildPhases = (
				95380E35CC4D1EC39D180FCB /* [CP] Check Pods Manifest.lock */,
				CEE481652DBE8AC800F4A367 /* Headers */,
				CEE481662DBE8AC800F4A367 /* Sources */,
				CEE481672DBE8AC800F4A367 /* Frameworks */,
				CEE481682DBE8AC800F4A367 /* Resources */,
			);
			buildRules = (
			);
			dependencies = (
			);
			fileSystemSynchronizedGroups = (
				CEE4816B2DBE8AC800F4A367 /* VaultUI */,
			);
			name = VaultUI;
			productName = VaultUI;
			productReference = CEE4816A2DBE8AC800F4A367 /* VaultUI.framework */;
			productType = "com.apple.product-type.framework";
		};
		CEE482A92DBE8EFE00F4A367 /* VaultModels */ = {
			isa = PBXNativeTarget;
			buildConfigurationList = CEE482C12DBE8EFF00F4A367 /* Build configuration list for PBXNativeTarget "VaultModels" */;
			buildPhases = (
				CEE482A52DBE8EFE00F4A367 /* Headers */,
				CEE482A62DBE8EFE00F4A367 /* Sources */,
				CEE482A72DBE8EFE00F4A367 /* Frameworks */,
				CEE482A82DBE8EFE00F4A367 /* Resources */,
			);
			buildRules = (
			);
			dependencies = (
			);
			fileSystemSynchronizedGroups = (
				CEE482AB2DBE8EFE00F4A367 /* VaultModels */,
			);
			name = VaultModels;
			productName = VaultModels;
			productReference = CEE482AA2DBE8EFE00F4A367 /* VaultModels.framework */;
			productType = "com.apple.product-type.framework";
		};
		CEE9097D2DA548C7008D568F /* Autofill */ = {
			isa = PBXNativeTarget;
			buildConfigurationList = CEE909902DA548C7008D568F /* Build configuration list for PBXNativeTarget "Autofill" */;
			buildPhases = (
				8F3BE577A5D473AA9A5D1530 /* [CP] Check Pods Manifest.lock */,
				CEE9097A2DA548C7008D568F /* Sources */,
				CEE9097B2DA548C7008D568F /* Frameworks */,
				CEE9097C2DA548C7008D568F /* Resources */,
				CEE480B02DBE88AB00F4A367 /* Embed Frameworks */,
				CE3AE50F2DC7FB5500E7745E /* ShellScript */,
			);
			buildRules = (
			);
			dependencies = (
				CEE480AF2DBE88AB00F4A367 /* PBXTargetDependency */,
				CE48FD662DBEA3B800E5E3D6 /* PBXTargetDependency */,
			);
			fileSystemSynchronizedGroups = (
				CEE909812DA548C7008D568F /* Autofill */,
			);
			name = Autofill;
			productName = autofill;
			productReference = CEE9097E2DA548C7008D568F /* Autofill.appex */;
			productType = "com.apple.product-type.app-extension";
		};
/* End PBXNativeTarget section */

/* Begin PBXProject section */
		83CBB9F71A601CBA00E9B192 /* Project object */ = {
			isa = PBXProject;
			attributes = {
				LastSwiftUpdateCheck = 1630;
				LastUpgradeCheck = 1130;
				TargetAttributes = {
					13B07F861A680F5B00A75B9A = {
						LastSwiftMigration = 1250;
					};
					CEE480862DBE86DC00F4A367 = {
						CreatedOnToolsVersion = 16.3;
					};
					CEE480902DBE86DD00F4A367 = {
						CreatedOnToolsVersion = 16.3;
						TestTargetID = 13B07F861A680F5B00A75B9A;
					};
					CEE481692DBE8AC800F4A367 = {
						CreatedOnToolsVersion = 16.3;
					};
					CEE482A92DBE8EFE00F4A367 = {
						CreatedOnToolsVersion = 16.3;
					};
					CEE9097D2DA548C7008D568F = {
						CreatedOnToolsVersion = 16.3;
						LastSwiftMigration = 1630;
					};
				};
			};
			buildConfigurationList = 83CBB9FA1A601CBA00E9B192 /* Build configuration list for PBXProject "AliasVault" */;
			compatibilityVersion = "Xcode 3.2";
			developmentRegion = en;
			hasScannedForEncodings = 0;
			knownRegions = (
				en,
				Base,
				nl,
			);
			mainGroup = 83CBB9F61A601CBA00E9B192;
			productRefGroup = 83CBBA001A601CBA00E9B192 /* Products */;
			projectDirPath = "";
			projectRoot = "";
			targets = (
				13B07F861A680F5B00A75B9A /* AliasVault */,
				CEE9097D2DA548C7008D568F /* Autofill */,
				CEE480862DBE86DC00F4A367 /* VaultStoreKit */,
				CEE480902DBE86DD00F4A367 /* VaultStoreKitTests */,
				CEE481692DBE8AC800F4A367 /* VaultUI */,
				CEE482A92DBE8EFE00F4A367 /* VaultModels */,
			);
		};
/* End PBXProject section */

/* Begin PBXResourcesBuildPhase section */
		13B07F8E1A680F5B00A75B9A /* Resources */ = {
			isa = PBXResourcesBuildPhase;
			buildActionMask = 2147483647;
			files = (
				BB2F792D24A3F905000567C9 /* Expo.plist in Resources */,
				CE73B3A02DFC8A0C0081B6CB /* AppIcon.icon in Resources */,
				13B07FBF1A68108700A75B9A /* Images.xcassets in Resources */,
				3E461D99554A48A4959DE609 /* SplashScreen.storyboard in Resources */,
				D6E19ADE0A608FA46984C60D /* PrivacyInfo.xcprivacy in Resources */,
			);
			runOnlyForDeploymentPostprocessing = 0;
		};
		CEE480852DBE86DC00F4A367 /* Resources */ = {
			isa = PBXResourcesBuildPhase;
			buildActionMask = 2147483647;
			files = (
			);
			runOnlyForDeploymentPostprocessing = 0;
		};
		CEE4808F2DBE86DD00F4A367 /* Resources */ = {
			isa = PBXResourcesBuildPhase;
			buildActionMask = 2147483647;
			files = (
			);
			runOnlyForDeploymentPostprocessing = 0;
		};
		CEE481682DBE8AC800F4A367 /* Resources */ = {
			isa = PBXResourcesBuildPhase;
			buildActionMask = 2147483647;
			files = (
			);
			runOnlyForDeploymentPostprocessing = 0;
		};
		CEE482A82DBE8EFE00F4A367 /* Resources */ = {
			isa = PBXResourcesBuildPhase;
			buildActionMask = 2147483647;
			files = (
			);
			runOnlyForDeploymentPostprocessing = 0;
		};
		CEE9097C2DA548C7008D568F /* Resources */ = {
			isa = PBXResourcesBuildPhase;
			buildActionMask = 2147483647;
			files = (
				CE3AE2B12DC7ACDE00E7745E /* .swiftlint.yml in Resources */,
			);
			runOnlyForDeploymentPostprocessing = 0;
		};
/* End PBXResourcesBuildPhase section */

/* Begin PBXShellScriptBuildPhase section */
		00DD1BFF1BD5951E006B06BC /* Bundle React Native code and images */ = {
			isa = PBXShellScriptBuildPhase;
			alwaysOutOfDate = 1;
			buildActionMask = 2147483647;
			files = (
			);
			inputPaths = (
			);
			name = "Bundle React Native code and images";
			outputPaths = (
			);
			runOnlyForDeploymentPostprocessing = 0;
			shellPath = /bin/sh;
			shellScript = "if [[ -f \"$PODS_ROOT/../.xcode.env\" ]]; then\n  source \"$PODS_ROOT/../.xcode.env\"\nfi\nif [[ -f \"$PODS_ROOT/../.xcode.env.local\" ]]; then\n  source \"$PODS_ROOT/../.xcode.env.local\"\nfi\n\n# The project root by default is one level up from the ios directory\nexport PROJECT_ROOT=\"$PROJECT_DIR\"/..\n\nif [[ \"$CONFIGURATION\" = *Debug* ]]; then\n  export SKIP_BUNDLING=1\nfi\nif [[ -z \"$ENTRY_FILE\" ]]; then\n  # Set the entry JS file using the bundler's entry resolution.\n  export ENTRY_FILE=\"$(\"$NODE_BINARY\" -e \"require('expo/scripts/resolveAppEntry')\" \"$PROJECT_ROOT\" ios absolute | tail -n 1)\"\nfi\n\nif [[ -z \"$CLI_PATH\" ]]; then\n  # Use Expo CLI\n  export CLI_PATH=\"$(\"$NODE_BINARY\" --print \"require.resolve('@expo/cli', { paths: [require.resolve('expo/package.json')] })\")\"\nfi\nif [[ -z \"$BUNDLE_COMMAND\" ]]; then\n  # Default Expo CLI command for bundling\n  export BUNDLE_COMMAND=\"export:embed\"\nfi\n\n# Source .xcode.env.updates if it exists to allow\n# SKIP_BUNDLING to be unset if needed\nif [[ -f \"$PODS_ROOT/../.xcode.env.updates\" ]]; then\n  source \"$PODS_ROOT/../.xcode.env.updates\"\nfi\n# Source local changes to allow overrides\n# if needed\nif [[ -f \"$PODS_ROOT/../.xcode.env.local\" ]]; then\n  source \"$PODS_ROOT/../.xcode.env.local\"\nfi\n\n`\"$NODE_BINARY\" --print \"require('path').dirname(require.resolve('react-native/package.json')) + '/scripts/react-native-xcode.sh'\"`\n\n";
		};
		237430D176B6590F50FD5A12 /* [CP] Copy Pods Resources */ = {
			isa = PBXShellScriptBuildPhase;
			buildActionMask = 2147483647;
			files = (
			);
			inputPaths = (
				"${PODS_ROOT}/Target Support Files/Pods-AliasVault/Pods-AliasVault-resources.sh",
				"${PODS_CONFIGURATION_BUILD_DIR}/EXConstants/EXConstants.bundle",
				"${PODS_CONFIGURATION_BUILD_DIR}/EXConstants/ExpoConstants_privacy.bundle",
				"${PODS_CONFIGURATION_BUILD_DIR}/ExpoFileSystem/ExpoFileSystem_privacy.bundle",
				"${PODS_CONFIGURATION_BUILD_DIR}/ExpoLocalization/ExpoLocalization_privacy.bundle",
				"${PODS_CONFIGURATION_BUILD_DIR}/ExpoSystemUI/ExpoSystemUI_privacy.bundle",
				"${PODS_CONFIGURATION_BUILD_DIR}/RCT-Folly/RCT-Folly_privacy.bundle",
				"${PODS_CONFIGURATION_BUILD_DIR}/RNCAsyncStorage/RNCAsyncStorage_resources.bundle",
				"${PODS_CONFIGURATION_BUILD_DIR}/React-Core/React-Core_privacy.bundle",
				"${PODS_CONFIGURATION_BUILD_DIR}/React-cxxreact/React-cxxreact_privacy.bundle",
				"${PODS_CONFIGURATION_BUILD_DIR}/boost/boost_privacy.bundle",
				"${PODS_CONFIGURATION_BUILD_DIR}/expo-dev-launcher/EXDevLauncher.bundle",
				"${PODS_CONFIGURATION_BUILD_DIR}/expo-dev-menu/EXDevMenu.bundle",
				"${PODS_CONFIGURATION_BUILD_DIR}/glog/glog_privacy.bundle",
			);
			name = "[CP] Copy Pods Resources";
			outputPaths = (
				"${TARGET_BUILD_DIR}/${UNLOCALIZED_RESOURCES_FOLDER_PATH}/EXConstants.bundle",
				"${TARGET_BUILD_DIR}/${UNLOCALIZED_RESOURCES_FOLDER_PATH}/ExpoConstants_privacy.bundle",
				"${TARGET_BUILD_DIR}/${UNLOCALIZED_RESOURCES_FOLDER_PATH}/ExpoFileSystem_privacy.bundle",
				"${TARGET_BUILD_DIR}/${UNLOCALIZED_RESOURCES_FOLDER_PATH}/ExpoLocalization_privacy.bundle",
				"${TARGET_BUILD_DIR}/${UNLOCALIZED_RESOURCES_FOLDER_PATH}/ExpoSystemUI_privacy.bundle",
				"${TARGET_BUILD_DIR}/${UNLOCALIZED_RESOURCES_FOLDER_PATH}/RCT-Folly_privacy.bundle",
				"${TARGET_BUILD_DIR}/${UNLOCALIZED_RESOURCES_FOLDER_PATH}/RNCAsyncStorage_resources.bundle",
				"${TARGET_BUILD_DIR}/${UNLOCALIZED_RESOURCES_FOLDER_PATH}/React-Core_privacy.bundle",
				"${TARGET_BUILD_DIR}/${UNLOCALIZED_RESOURCES_FOLDER_PATH}/React-cxxreact_privacy.bundle",
				"${TARGET_BUILD_DIR}/${UNLOCALIZED_RESOURCES_FOLDER_PATH}/boost_privacy.bundle",
				"${TARGET_BUILD_DIR}/${UNLOCALIZED_RESOURCES_FOLDER_PATH}/EXDevLauncher.bundle",
				"${TARGET_BUILD_DIR}/${UNLOCALIZED_RESOURCES_FOLDER_PATH}/EXDevMenu.bundle",
				"${TARGET_BUILD_DIR}/${UNLOCALIZED_RESOURCES_FOLDER_PATH}/glog_privacy.bundle",
			);
			runOnlyForDeploymentPostprocessing = 0;
			shellPath = /bin/sh;
			shellScript = "\"${PODS_ROOT}/Target Support Files/Pods-AliasVault/Pods-AliasVault-resources.sh\"\n";
			showEnvVarsInLog = 0;
		};
		5DC7F827F296E839DC4DE7BD /* [CP] Check Pods Manifest.lock */ = {
			isa = PBXShellScriptBuildPhase;
			buildActionMask = 2147483647;
			files = (
			);
			inputFileListPaths = (
			);
			inputPaths = (
				"${PODS_PODFILE_DIR_PATH}/Podfile.lock",
				"${PODS_ROOT}/Manifest.lock",
			);
			name = "[CP] Check Pods Manifest.lock";
			outputFileListPaths = (
			);
			outputPaths = (
				"$(DERIVED_FILE_DIR)/Pods-VaultStoreKitTests-checkManifestLockResult.txt",
			);
			runOnlyForDeploymentPostprocessing = 0;
			shellPath = /bin/sh;
			shellScript = "diff \"${PODS_PODFILE_DIR_PATH}/Podfile.lock\" \"${PODS_ROOT}/Manifest.lock\" > /dev/null\nif [ $? != 0 ] ; then\n    # print error to STDERR\n    echo \"error: The sandbox is not in sync with the Podfile.lock. Run 'pod install' or update your CocoaPods installation.\" >&2\n    exit 1\nfi\n# This output is used by Xcode 'outputs' to avoid re-running this script phase.\necho \"SUCCESS\" > \"${SCRIPT_OUTPUT_FILE_0}\"\n";
			showEnvVarsInLog = 0;
		};
		8F3BE577A5D473AA9A5D1530 /* [CP] Check Pods Manifest.lock */ = {
			isa = PBXShellScriptBuildPhase;
			buildActionMask = 2147483647;
			files = (
			);
			inputFileListPaths = (
			);
			inputPaths = (
				"${PODS_PODFILE_DIR_PATH}/Podfile.lock",
				"${PODS_ROOT}/Manifest.lock",
			);
			name = "[CP] Check Pods Manifest.lock";
			outputFileListPaths = (
			);
			outputPaths = (
				"$(DERIVED_FILE_DIR)/Pods-Autofill-checkManifestLockResult.txt",
			);
			runOnlyForDeploymentPostprocessing = 0;
			shellPath = /bin/sh;
			shellScript = "diff \"${PODS_PODFILE_DIR_PATH}/Podfile.lock\" \"${PODS_ROOT}/Manifest.lock\" > /dev/null\nif [ $? != 0 ] ; then\n    # print error to STDERR\n    echo \"error: The sandbox is not in sync with the Podfile.lock. Run 'pod install' or update your CocoaPods installation.\" >&2\n    exit 1\nfi\n# This output is used by Xcode 'outputs' to avoid re-running this script phase.\necho \"SUCCESS\" > \"${SCRIPT_OUTPUT_FILE_0}\"\n";
			showEnvVarsInLog = 0;
		};
		95380E35CC4D1EC39D180FCB /* [CP] Check Pods Manifest.lock */ = {
			isa = PBXShellScriptBuildPhase;
			buildActionMask = 2147483647;
			files = (
			);
			inputFileListPaths = (
			);
			inputPaths = (
				"${PODS_PODFILE_DIR_PATH}/Podfile.lock",
				"${PODS_ROOT}/Manifest.lock",
			);
			name = "[CP] Check Pods Manifest.lock";
			outputFileListPaths = (
			);
			outputPaths = (
				"$(DERIVED_FILE_DIR)/Pods-VaultUI-checkManifestLockResult.txt",
			);
			runOnlyForDeploymentPostprocessing = 0;
			shellPath = /bin/sh;
			shellScript = "diff \"${PODS_PODFILE_DIR_PATH}/Podfile.lock\" \"${PODS_ROOT}/Manifest.lock\" > /dev/null\nif [ $? != 0 ] ; then\n    # print error to STDERR\n    echo \"error: The sandbox is not in sync with the Podfile.lock. Run 'pod install' or update your CocoaPods installation.\" >&2\n    exit 1\nfi\n# This output is used by Xcode 'outputs' to avoid re-running this script phase.\necho \"SUCCESS\" > \"${SCRIPT_OUTPUT_FILE_0}\"\n";
			showEnvVarsInLog = 0;
		};
		B7077E857026DF166CBD9F8D /* [Expo] Configure project */ = {
			isa = PBXShellScriptBuildPhase;
			alwaysOutOfDate = 1;
			buildActionMask = 2147483647;
			files = (
			);
			inputFileListPaths = (
			);
			inputPaths = (
			);
			name = "[Expo] Configure project";
			outputFileListPaths = (
			);
			outputPaths = (
			);
			runOnlyForDeploymentPostprocessing = 0;
			shellPath = /bin/sh;
			shellScript = "# This script configures Expo modules and generates the modules provider file.\nbash -l -c \"./Pods/Target\\ Support\\ Files/Pods-AliasVault/expo-configure-project.sh\"\n";
		};
		CBF1BF747E3EB6DC3F2F5AB8 /* [CP] Check Pods Manifest.lock */ = {
			isa = PBXShellScriptBuildPhase;
			buildActionMask = 2147483647;
			files = (
			);
			inputFileListPaths = (
			);
			inputPaths = (
				"${PODS_PODFILE_DIR_PATH}/Podfile.lock",
				"${PODS_ROOT}/Manifest.lock",
			);
			name = "[CP] Check Pods Manifest.lock";
			outputFileListPaths = (
			);
			outputPaths = (
				"$(DERIVED_FILE_DIR)/Pods-VaultStoreKit-checkManifestLockResult.txt",
			);
			runOnlyForDeploymentPostprocessing = 0;
			shellPath = /bin/sh;
			shellScript = "diff \"${PODS_PODFILE_DIR_PATH}/Podfile.lock\" \"${PODS_ROOT}/Manifest.lock\" > /dev/null\nif [ $? != 0 ] ; then\n    # print error to STDERR\n    echo \"error: The sandbox is not in sync with the Podfile.lock. Run 'pod install' or update your CocoaPods installation.\" >&2\n    exit 1\nfi\n# This output is used by Xcode 'outputs' to avoid re-running this script phase.\necho \"SUCCESS\" > \"${SCRIPT_OUTPUT_FILE_0}\"\n";
			showEnvVarsInLog = 0;
		};
		CE3AE4A42DC7FADC00E7745E /* Run Script */ = {
			isa = PBXShellScriptBuildPhase;
			alwaysOutOfDate = 1;
			buildActionMask = 2147483647;
			files = (
			);
			inputFileListPaths = (
			);
			inputPaths = (
				"$(SRCROOT)/.swiftlint.yml",
				"$(SRCROOT)/**/.swiftlint.yml",
				"$(SRCROOT)/AliasVault",
				"$(SRCROOT)/Autofill",
				"$(SRCROOT)/VaultStoreKit",
				"$(SRCROOT)/VaultStoreKitTests",
				"$(SRCROOT)/VaultUI",
				"$(SRCROOT)/VaultModels",
			);
			name = "Run Script";
			outputFileListPaths = (
			);
			outputPaths = (
			);
			runOnlyForDeploymentPostprocessing = 0;
			shellPath = /bin/sh;
			shellScript = "# Type a script or drag a script file from your workspace to insert its path.\n\"${PODS_ROOT}/SwiftLint/swiftlint\" --config \"${SRCROOT}/.swiftlint.yml\"\n";
		};
		CE3AE50F2DC7FB5500E7745E /* ShellScript */ = {
			isa = PBXShellScriptBuildPhase;
			alwaysOutOfDate = 1;
			buildActionMask = 2147483647;
			files = (
			);
			inputFileListPaths = (
			);
			inputPaths = (
				"$(SRCROOT)/.swiftlint.yml",
				"$(SRCROOT)/**/.swiftlint.yml",
				"$(SRCROOT)/AliasVault",
				"$(SRCROOT)/Autofill",
				"$(SRCROOT)/VaultStoreKit",
				"$(SRCROOT)/VaultStoreKitTests",
				"$(SRCROOT)/VaultUI",
				"$(SRCROOT)/VaultModels",
			);
			outputFileListPaths = (
			);
			outputPaths = (
			);
			runOnlyForDeploymentPostprocessing = 0;
			shellPath = /bin/sh;
			shellScript = "# Type a script or drag a script file from your workspace to insert its path.\n\"${PODS_ROOT}/SwiftLint/swiftlint\" --config \"${SRCROOT}/.swiftlint.yml\"\n";
		};
		F09C43BBB1E788B0094C9F0D /* [CP] Embed Pods Frameworks */ = {
			isa = PBXShellScriptBuildPhase;
			buildActionMask = 2147483647;
			files = (
			);
			inputPaths = (
				"${PODS_ROOT}/Target Support Files/Pods-AliasVault/Pods-AliasVault-frameworks.sh",
				"${PODS_XCFRAMEWORKS_BUILD_DIR}/ExpoSQLite/crsqlite.framework/crsqlite",
				"${PODS_XCFRAMEWORKS_BUILD_DIR}/OpenSSL-Universal/OpenSSL.framework/OpenSSL",
				"${PODS_XCFRAMEWORKS_BUILD_DIR}/hermes-engine/Pre-built/hermes.framework/hermes",
			);
			name = "[CP] Embed Pods Frameworks";
			outputPaths = (
				"${TARGET_BUILD_DIR}/${FRAMEWORKS_FOLDER_PATH}/crsqlite.framework",
				"${TARGET_BUILD_DIR}/${FRAMEWORKS_FOLDER_PATH}/OpenSSL.framework",
				"${TARGET_BUILD_DIR}/${FRAMEWORKS_FOLDER_PATH}/hermes.framework",
			);
			runOnlyForDeploymentPostprocessing = 0;
			shellPath = /bin/sh;
			shellScript = "\"${PODS_ROOT}/Target Support Files/Pods-AliasVault/Pods-AliasVault-frameworks.sh\"\n";
			showEnvVarsInLog = 0;
		};
		F7C6F61800903459AF1BE4C6 /* [CP] Check Pods Manifest.lock */ = {
			isa = PBXShellScriptBuildPhase;
			buildActionMask = 2147483647;
			files = (
			);
			inputFileListPaths = (
			);
			inputPaths = (
				"${PODS_PODFILE_DIR_PATH}/Podfile.lock",
				"${PODS_ROOT}/Manifest.lock",
			);
			name = "[CP] Check Pods Manifest.lock";
			outputFileListPaths = (
			);
			outputPaths = (
				"$(DERIVED_FILE_DIR)/Pods-AliasVault-checkManifestLockResult.txt",
			);
			runOnlyForDeploymentPostprocessing = 0;
			shellPath = /bin/sh;
			shellScript = "diff \"${PODS_PODFILE_DIR_PATH}/Podfile.lock\" \"${PODS_ROOT}/Manifest.lock\" > /dev/null\nif [ $? != 0 ] ; then\n    # print error to STDERR\n    echo \"error: The sandbox is not in sync with the Podfile.lock. Run 'pod install' or update your CocoaPods installation.\" >&2\n    exit 1\nfi\n# This output is used by Xcode 'outputs' to avoid re-running this script phase.\necho \"SUCCESS\" > \"${SCRIPT_OUTPUT_FILE_0}\"\n";
			showEnvVarsInLog = 0;
		};
/* End PBXShellScriptBuildPhase section */

/* Begin PBXSourcesBuildPhase section */
		13B07F871A680F5B00A75B9A /* Sources */ = {
			isa = PBXSourcesBuildPhase;
			buildActionMask = 2147483647;
			files = (
				CE9A5A022DBAAE5000CB0A4C /* RCTNativeVaultManager.h in Sources */,
				13B07FBC1A68108700A75B9A /* AppDelegate.mm in Sources */,
				CE26D68F2DA7FCD2006DC04D /* VaultManager.swift in Sources */,
				13B07FC11A68108700A75B9A /* main.m in Sources */,
				CE9A58FC2DBA982100CB0A4C /* RCTNativeVaultManager.mm in Sources */,
				B18059E884C0ABDD17F3DC3D /* ExpoModulesProvider.swift in Sources */,
				E8FD7000523F4549908941A2 /* noop-file.swift in Sources */,
			);
			runOnlyForDeploymentPostprocessing = 0;
		};
		CEE480832DBE86DC00F4A367 /* Sources */ = {
			isa = PBXSourcesBuildPhase;
			buildActionMask = 2147483647;
			files = (
			);
			runOnlyForDeploymentPostprocessing = 0;
		};
		CEE4808D2DBE86DD00F4A367 /* Sources */ = {
			isa = PBXSourcesBuildPhase;
			buildActionMask = 2147483647;
			files = (
			);
			runOnlyForDeploymentPostprocessing = 0;
		};
		CEE481662DBE8AC800F4A367 /* Sources */ = {
			isa = PBXSourcesBuildPhase;
			buildActionMask = 2147483647;
			files = (
			);
			runOnlyForDeploymentPostprocessing = 0;
		};
		CEE482A62DBE8EFE00F4A367 /* Sources */ = {
			isa = PBXSourcesBuildPhase;
			buildActionMask = 2147483647;
			files = (
			);
			runOnlyForDeploymentPostprocessing = 0;
		};
		CEE9097A2DA548C7008D568F /* Sources */ = {
			isa = PBXSourcesBuildPhase;
			buildActionMask = 2147483647;
			files = (
			);
			runOnlyForDeploymentPostprocessing = 0;
		};
/* End PBXSourcesBuildPhase section */

/* Begin PBXTargetDependency section */
		CE48FD662DBEA3B800E5E3D6 /* PBXTargetDependency */ = {
			isa = PBXTargetDependency;
			target = CEE481692DBE8AC800F4A367 /* VaultUI */;
			targetProxy = CE48FD652DBEA3B800E5E3D6 /* PBXContainerItemProxy */;
		};
		CEE480942DBE86DD00F4A367 /* PBXTargetDependency */ = {
			isa = PBXTargetDependency;
			target = CEE480862DBE86DC00F4A367 /* VaultStoreKit */;
			targetProxy = CEE480932DBE86DD00F4A367 /* PBXContainerItemProxy */;
		};
		CEE480962DBE86DD00F4A367 /* PBXTargetDependency */ = {
			isa = PBXTargetDependency;
			target = 13B07F861A680F5B00A75B9A /* AliasVault */;
			targetProxy = CEE480952DBE86DD00F4A367 /* PBXContainerItemProxy */;
		};
		CEE4809B2DBE86DD00F4A367 /* PBXTargetDependency */ = {
			isa = PBXTargetDependency;
			target = CEE480862DBE86DC00F4A367 /* VaultStoreKit */;
			targetProxy = CEE4809A2DBE86DD00F4A367 /* PBXContainerItemProxy */;
		};
		CEE480AF2DBE88AB00F4A367 /* PBXTargetDependency */ = {
			isa = PBXTargetDependency;
			target = CEE480862DBE86DC00F4A367 /* VaultStoreKit */;
			targetProxy = CEE480AE2DBE88AB00F4A367 /* PBXContainerItemProxy */;
		};
		CEE4817E2DBE8AC800F4A367 /* PBXTargetDependency */ = {
			isa = PBXTargetDependency;
			target = CEE481692DBE8AC800F4A367 /* VaultUI */;
			targetProxy = CEE4817D2DBE8AC800F4A367 /* PBXContainerItemProxy */;
		};
		CEE482BE2DBE8EFF00F4A367 /* PBXTargetDependency */ = {
			isa = PBXTargetDependency;
			target = CEE482A92DBE8EFE00F4A367 /* VaultModels */;
			targetProxy = CEE482BD2DBE8EFF00F4A367 /* PBXContainerItemProxy */;
		};
		CEE9098A2DA548C7008D568F /* PBXTargetDependency */ = {
			isa = PBXTargetDependency;
			target = CEE9097D2DA548C7008D568F /* Autofill */;
			targetProxy = CEE909892DA548C7008D568F /* PBXContainerItemProxy */;
		};
/* End PBXTargetDependency section */

/* Begin XCBuildConfiguration section */
		13B07F941A680F5B00A75B9A /* Debug */ = {
			isa = XCBuildConfiguration;
			baseConfigurationReference = 5C1EA06BE7608888B8DF9CE0 /* Pods-AliasVault.debug.xcconfig */;
			buildSettings = {
				ASSETCATALOG_COMPILER_APPICON_NAME = AppIcon;
				CLANG_ENABLE_MODULES = YES;
				CODE_SIGN_ENTITLEMENTS = AliasVault/AliasVault.entitlements;
				CODE_SIGN_IDENTITY = "Apple Development";
				CODE_SIGN_STYLE = Automatic;
				CURRENT_PROJECT_VERSION = 12;
				DEVELOPMENT_TEAM = 8PHW4HN3F7;
				ENABLE_BITCODE = NO;
				GCC_PREPROCESSOR_DEFINITIONS = (
					"$(inherited)",
					"FB_SONARKIT_ENABLED=1",
				);
				INFOPLIST_FILE = AliasVault/Info.plist;
				INFOPLIST_KEY_CFBundleDisplayName = AliasVault;
				INFOPLIST_KEY_LSApplicationCategoryType = "public.app-category.productivity";
				IPHONEOS_DEPLOYMENT_TARGET = 15.6;
				LD_RUNPATH_SEARCH_PATHS = (
					"$(inherited)",
					"@executable_path/Frameworks",
				);
				MARKETING_VERSION = 0.21.2;
				OTHER_LDFLAGS = (
					"$(inherited)",
					"-ObjC",
					"-lc++",
				);
				OTHER_SWIFT_FLAGS = "$(inherited) -D EXPO_CONFIGURATION_DEBUG";
				PRODUCT_BUNDLE_IDENTIFIER = net.aliasvault.app;
				PRODUCT_NAME = AliasVault;
				PROVISIONING_PROFILE_SPECIFIER = "";
				SWIFT_OBJC_BRIDGING_HEADER = "AliasVault/AliasVault-Bridging-Header.h";
				SWIFT_OPTIMIZATION_LEVEL = "-Onone";
				SWIFT_VERSION = 5.0;
				TARGETED_DEVICE_FAMILY = "1,2";
				VERSIONING_SYSTEM = "apple-generic";
			};
			name = Debug;
		};
		13B07F951A680F5B00A75B9A /* Release */ = {
			isa = XCBuildConfiguration;
			baseConfigurationReference = 82C6F986E9F08FE1179D0A40 /* Pods-AliasVault.release.xcconfig */;
			buildSettings = {
				ASSETCATALOG_COMPILER_APPICON_NAME = AppIcon;
				CLANG_ENABLE_MODULES = YES;
				CODE_SIGN_ENTITLEMENTS = AliasVault/AliasVault.entitlements;
				CURRENT_PROJECT_VERSION = 12;
				DEVELOPMENT_TEAM = 8PHW4HN3F7;
				INFOPLIST_FILE = AliasVault/Info.plist;
				INFOPLIST_KEY_CFBundleDisplayName = AliasVault;
				INFOPLIST_KEY_LSApplicationCategoryType = "public.app-category.productivity";
				IPHONEOS_DEPLOYMENT_TARGET = 15.6;
				LD_RUNPATH_SEARCH_PATHS = (
					"$(inherited)",
					"@executable_path/Frameworks",
				);
				MARKETING_VERSION = 0.21.2;
				OTHER_LDFLAGS = (
					"$(inherited)",
					"-ObjC",
					"-lc++",
				);
				OTHER_SWIFT_FLAGS = "$(inherited) -D EXPO_CONFIGURATION_RELEASE";
				PRODUCT_BUNDLE_IDENTIFIER = net.aliasvault.app;
				PRODUCT_NAME = AliasVault;
				SWIFT_OBJC_BRIDGING_HEADER = "AliasVault/AliasVault-Bridging-Header.h";
				SWIFT_VERSION = 5.0;
				TARGETED_DEVICE_FAMILY = "1,2";
				VERSIONING_SYSTEM = "apple-generic";
			};
			name = Release;
		};
		83CBBA201A601CBA00E9B192 /* Debug */ = {
			isa = XCBuildConfiguration;
			buildSettings = {
				ALWAYS_SEARCH_USER_PATHS = NO;
				CLANG_ANALYZER_LOCALIZABILITY_NONLOCALIZED = YES;
				CLANG_CXX_LANGUAGE_STANDARD = "c++20";
				CLANG_CXX_LIBRARY = "libc++";
				CLANG_ENABLE_MODULES = YES;
				CLANG_ENABLE_OBJC_ARC = YES;
				CLANG_WARN_BLOCK_CAPTURE_AUTORELEASING = YES;
				CLANG_WARN_BOOL_CONVERSION = YES;
				CLANG_WARN_COMMA = YES;
				CLANG_WARN_CONSTANT_CONVERSION = YES;
				CLANG_WARN_DEPRECATED_OBJC_IMPLEMENTATIONS = YES;
				CLANG_WARN_DIRECT_OBJC_ISA_USAGE = YES_ERROR;
				CLANG_WARN_EMPTY_BODY = YES;
				CLANG_WARN_ENUM_CONVERSION = YES;
				CLANG_WARN_INFINITE_RECURSION = YES;
				CLANG_WARN_INT_CONVERSION = YES;
				CLANG_WARN_NON_LITERAL_NULL_CONVERSION = YES;
				CLANG_WARN_OBJC_IMPLICIT_RETAIN_SELF = YES;
				CLANG_WARN_OBJC_LITERAL_CONVERSION = YES;
				CLANG_WARN_OBJC_ROOT_CLASS = YES_ERROR;
				CLANG_WARN_RANGE_LOOP_ANALYSIS = YES;
				CLANG_WARN_STRICT_PROTOTYPES = YES;
				CLANG_WARN_SUSPICIOUS_MOVE = YES;
				CLANG_WARN_UNREACHABLE_CODE = YES;
				CLANG_WARN__DUPLICATE_METHOD_MATCH = YES;
				COPY_PHASE_STRIP = NO;
				ENABLE_STRICT_OBJC_MSGSEND = YES;
				ENABLE_TESTABILITY = YES;
				GCC_C_LANGUAGE_STANDARD = gnu99;
				GCC_DYNAMIC_NO_PIC = NO;
				GCC_NO_COMMON_BLOCKS = YES;
				GCC_OPTIMIZATION_LEVEL = 0;
				GCC_PREPROCESSOR_DEFINITIONS = (
					"DEBUG=1",
					"$(inherited)",
				);
				GCC_SYMBOLS_PRIVATE_EXTERN = NO;
				GCC_WARN_64_TO_32_BIT_CONVERSION = YES;
				GCC_WARN_ABOUT_RETURN_TYPE = YES_ERROR;
				GCC_WARN_UNDECLARED_SELECTOR = YES;
				GCC_WARN_UNINITIALIZED_AUTOS = YES_AGGRESSIVE;
				GCC_WARN_UNUSED_FUNCTION = YES;
				GCC_WARN_UNUSED_VARIABLE = YES;
				IPHONEOS_DEPLOYMENT_TARGET = 15.1;
				LD_RUNPATH_SEARCH_PATHS = (
					/usr/lib/swift,
					"$(inherited)",
				);
				LIBRARY_SEARCH_PATHS = "$(SDKROOT)/usr/lib/swift\"$(inherited)\"";
				MTL_ENABLE_DEBUG_INFO = YES;
				ONLY_ACTIVE_ARCH = YES;
				OTHER_LDFLAGS = (
					"$(inherited)",
					" ",
				);
				REACT_NATIVE_PATH = "${PODS_ROOT}/../../node_modules/react-native";
				SDKROOT = iphoneos;
				SWIFT_ACTIVE_COMPILATION_CONDITIONS = "$(inherited) DEBUG";
				USE_HERMES = true;
			};
			name = Debug;
		};
		83CBBA211A601CBA00E9B192 /* Release */ = {
			isa = XCBuildConfiguration;
			buildSettings = {
				ALWAYS_SEARCH_USER_PATHS = NO;
				CLANG_ANALYZER_LOCALIZABILITY_NONLOCALIZED = YES;
				CLANG_CXX_LANGUAGE_STANDARD = "c++20";
				CLANG_CXX_LIBRARY = "libc++";
				CLANG_ENABLE_MODULES = YES;
				CLANG_ENABLE_OBJC_ARC = YES;
				CLANG_WARN_BLOCK_CAPTURE_AUTORELEASING = YES;
				CLANG_WARN_BOOL_CONVERSION = YES;
				CLANG_WARN_COMMA = YES;
				CLANG_WARN_CONSTANT_CONVERSION = YES;
				CLANG_WARN_DEPRECATED_OBJC_IMPLEMENTATIONS = YES;
				CLANG_WARN_DIRECT_OBJC_ISA_USAGE = YES_ERROR;
				CLANG_WARN_EMPTY_BODY = YES;
				CLANG_WARN_ENUM_CONVERSION = YES;
				CLANG_WARN_INFINITE_RECURSION = YES;
				CLANG_WARN_INT_CONVERSION = YES;
				CLANG_WARN_NON_LITERAL_NULL_CONVERSION = YES;
				CLANG_WARN_OBJC_IMPLICIT_RETAIN_SELF = YES;
				CLANG_WARN_OBJC_LITERAL_CONVERSION = YES;
				CLANG_WARN_OBJC_ROOT_CLASS = YES_ERROR;
				CLANG_WARN_RANGE_LOOP_ANALYSIS = YES;
				CLANG_WARN_STRICT_PROTOTYPES = YES;
				CLANG_WARN_SUSPICIOUS_MOVE = YES;
				CLANG_WARN_UNREACHABLE_CODE = YES;
				CLANG_WARN__DUPLICATE_METHOD_MATCH = YES;
				COPY_PHASE_STRIP = YES;
				ENABLE_NS_ASSERTIONS = NO;
				ENABLE_STRICT_OBJC_MSGSEND = YES;
				GCC_C_LANGUAGE_STANDARD = gnu99;
				GCC_NO_COMMON_BLOCKS = YES;
				GCC_WARN_64_TO_32_BIT_CONVERSION = YES;
				GCC_WARN_ABOUT_RETURN_TYPE = YES_ERROR;
				GCC_WARN_UNDECLARED_SELECTOR = YES;
				GCC_WARN_UNINITIALIZED_AUTOS = YES_AGGRESSIVE;
				GCC_WARN_UNUSED_FUNCTION = YES;
				GCC_WARN_UNUSED_VARIABLE = YES;
				IPHONEOS_DEPLOYMENT_TARGET = 15.1;
				LD_RUNPATH_SEARCH_PATHS = (
					/usr/lib/swift,
					"$(inherited)",
				);
				LIBRARY_SEARCH_PATHS = "$(SDKROOT)/usr/lib/swift\"$(inherited)\"";
				MTL_ENABLE_DEBUG_INFO = NO;
				OTHER_LDFLAGS = (
					"$(inherited)",
					" ",
				);
				REACT_NATIVE_PATH = "${PODS_ROOT}/../../node_modules/react-native";
				SDKROOT = iphoneos;
				USE_HERMES = true;
				VALIDATE_PRODUCT = YES;
			};
			name = Release;
		};
		CEE4809F2DBE86DD00F4A367 /* Debug */ = {
			isa = XCBuildConfiguration;
			baseConfigurationReference = 09DFCC3CBA13D19073CBCC7F /* Pods-VaultStoreKit.debug.xcconfig */;
			buildSettings = {
				ASSETCATALOG_COMPILER_GENERATE_SWIFT_ASSET_SYMBOL_EXTENSIONS = YES;
				BUILD_LIBRARY_FOR_DISTRIBUTION = NO;
				CLANG_ANALYZER_NONNULL = YES;
				CLANG_ANALYZER_NUMBER_OBJECT_CONVERSION = YES_AGGRESSIVE;
				CLANG_ENABLE_OBJC_WEAK = YES;
				CLANG_WARN_DOCUMENTATION_COMMENTS = YES;
				CLANG_WARN_UNGUARDED_AVAILABILITY = YES_AGGRESSIVE;
				CODE_SIGN_STYLE = Automatic;
				CURRENT_PROJECT_VERSION = 12;
				DEBUG_INFORMATION_FORMAT = dwarf;
				DEVELOPMENT_TEAM = 8PHW4HN3F7;
				DYLIB_COMPATIBILITY_VERSION = 1;
				DYLIB_CURRENT_VERSION = 1;
				DYLIB_INSTALL_NAME_BASE = "@rpath";
				ENABLE_MODULE_VERIFIER = YES;
				ENABLE_USER_SCRIPT_SANDBOXING = YES;
				GCC_C_LANGUAGE_STANDARD = gnu17;
				GENERATE_INFOPLIST_FILE = YES;
				INFOPLIST_KEY_NSHumanReadableCopyright = "";
				INSTALL_PATH = "$(LOCAL_LIBRARY_DIR)/Frameworks";
				IPHONEOS_DEPLOYMENT_TARGET = 15.6;
				LD_RUNPATH_SEARCH_PATHS = (
					"$(inherited)",
					"@executable_path/Frameworks",
					"@loader_path/Frameworks",
				);
				LOCALIZATION_PREFERS_STRING_CATALOGS = YES;
				MARKETING_VERSION = 1.0;
				MODULE_VERIFIER_SUPPORTED_LANGUAGES = "objective-c objective-c++";
				MODULE_VERIFIER_SUPPORTED_LANGUAGE_STANDARDS = "gnu17 gnu++20";
				MTL_ENABLE_DEBUG_INFO = INCLUDE_SOURCE;
				MTL_FAST_MATH = YES;
				OTHER_SWIFT_FLAGS = "$(inherited) -D EXPO_CONFIGURATION_DEBUG";
				PRODUCT_BUNDLE_IDENTIFIER = net.aliasvault.app.VaultStoreKit;
				PRODUCT_NAME = "$(TARGET_NAME:c99extidentifier)";
				SKIP_INSTALL = YES;
				SWIFT_ACTIVE_COMPILATION_CONDITIONS = "DEBUG $(inherited)";
				SWIFT_EMIT_LOC_STRINGS = YES;
				SWIFT_INSTALL_MODULE = YES;
				SWIFT_INSTALL_OBJC_HEADER = NO;
				SWIFT_OPTIMIZATION_LEVEL = "-Onone";
				SWIFT_VERSION = 5.0;
				TARGETED_DEVICE_FAMILY = "1,2";
				VERSIONING_SYSTEM = "apple-generic";
				VERSION_INFO_PREFIX = "";
			};
			name = Debug;
		};
		CEE480A02DBE86DD00F4A367 /* Release */ = {
			isa = XCBuildConfiguration;
			baseConfigurationReference = 368EE3A71DE7308558E8E815 /* Pods-VaultStoreKit.release.xcconfig */;
			buildSettings = {
				ASSETCATALOG_COMPILER_GENERATE_SWIFT_ASSET_SYMBOL_EXTENSIONS = YES;
				BUILD_LIBRARY_FOR_DISTRIBUTION = NO;
				CLANG_ANALYZER_NONNULL = YES;
				CLANG_ANALYZER_NUMBER_OBJECT_CONVERSION = YES_AGGRESSIVE;
				CLANG_ENABLE_OBJC_WEAK = YES;
				CLANG_WARN_DOCUMENTATION_COMMENTS = YES;
				CLANG_WARN_UNGUARDED_AVAILABILITY = YES_AGGRESSIVE;
				CODE_SIGN_STYLE = Automatic;
				COPY_PHASE_STRIP = NO;
				CURRENT_PROJECT_VERSION = 12;
				DEBUG_INFORMATION_FORMAT = "dwarf-with-dsym";
				DEVELOPMENT_TEAM = 8PHW4HN3F7;
				DYLIB_COMPATIBILITY_VERSION = 1;
				DYLIB_CURRENT_VERSION = 1;
				DYLIB_INSTALL_NAME_BASE = "@rpath";
				ENABLE_MODULE_VERIFIER = YES;
				ENABLE_USER_SCRIPT_SANDBOXING = YES;
				GCC_C_LANGUAGE_STANDARD = gnu17;
				GENERATE_INFOPLIST_FILE = YES;
				INFOPLIST_KEY_NSHumanReadableCopyright = "";
				INSTALL_PATH = "$(LOCAL_LIBRARY_DIR)/Frameworks";
				IPHONEOS_DEPLOYMENT_TARGET = 15.6;
				LD_RUNPATH_SEARCH_PATHS = (
					"$(inherited)",
					"@executable_path/Frameworks",
					"@loader_path/Frameworks",
				);
				LOCALIZATION_PREFERS_STRING_CATALOGS = YES;
				MARKETING_VERSION = 1.0;
				MODULE_VERIFIER_SUPPORTED_LANGUAGES = "objective-c objective-c++";
				MODULE_VERIFIER_SUPPORTED_LANGUAGE_STANDARDS = "gnu17 gnu++20";
				MTL_FAST_MATH = YES;
				OTHER_SWIFT_FLAGS = "$(inherited) -D EXPO_CONFIGURATION_RELEASE";
				PRODUCT_BUNDLE_IDENTIFIER = net.aliasvault.app.VaultStoreKit;
				PRODUCT_NAME = "$(TARGET_NAME:c99extidentifier)";
				SKIP_INSTALL = YES;
				SWIFT_COMPILATION_MODE = wholemodule;
				SWIFT_EMIT_LOC_STRINGS = YES;
				SWIFT_INSTALL_MODULE = YES;
				SWIFT_INSTALL_OBJC_HEADER = NO;
				SWIFT_VERSION = 5.0;
				TARGETED_DEVICE_FAMILY = "1,2";
				VERSIONING_SYSTEM = "apple-generic";
				VERSION_INFO_PREFIX = "";
			};
			name = Release;
		};
		CEE480A32DBE86DD00F4A367 /* Debug */ = {
			isa = XCBuildConfiguration;
			baseConfigurationReference = A9E70CCF7AAA4E05B57CCCC4 /* Pods-VaultStoreKitTests.debug.xcconfig */;
			buildSettings = {
				ASSETCATALOG_COMPILER_GENERATE_SWIFT_ASSET_SYMBOL_EXTENSIONS = YES;
				CLANG_ANALYZER_NONNULL = YES;
				CLANG_ANALYZER_NUMBER_OBJECT_CONVERSION = YES_AGGRESSIVE;
				CLANG_ENABLE_OBJC_WEAK = YES;
				CLANG_WARN_DOCUMENTATION_COMMENTS = YES;
				CLANG_WARN_UNGUARDED_AVAILABILITY = YES_AGGRESSIVE;
				CODE_SIGN_STYLE = Automatic;
				CURRENT_PROJECT_VERSION = 12;
				DEBUG_INFORMATION_FORMAT = dwarf;
				DEVELOPMENT_TEAM = 8PHW4HN3F7;
				ENABLE_USER_SCRIPT_SANDBOXING = YES;
				GCC_C_LANGUAGE_STANDARD = gnu17;
				GENERATE_INFOPLIST_FILE = YES;
				IPHONEOS_DEPLOYMENT_TARGET = 15.6;
				LOCALIZATION_PREFERS_STRING_CATALOGS = YES;
				MARKETING_VERSION = 1.0;
				MTL_ENABLE_DEBUG_INFO = INCLUDE_SOURCE;
				MTL_FAST_MATH = YES;
				OTHER_SWIFT_FLAGS = "$(inherited) -D EXPO_CONFIGURATION_DEBUG";
				PRODUCT_BUNDLE_IDENTIFIER = net.aliasvault.app.VaultStoreKitTests;
				PRODUCT_NAME = "$(TARGET_NAME)";
				SWIFT_ACTIVE_COMPILATION_CONDITIONS = "DEBUG $(inherited)";
				SWIFT_EMIT_LOC_STRINGS = NO;
				SWIFT_OPTIMIZATION_LEVEL = "-Onone";
				SWIFT_VERSION = 5.0;
				TARGETED_DEVICE_FAMILY = "1,2";
				TEST_HOST = "$(BUILT_PRODUCTS_DIR)/AliasVault.app/$(BUNDLE_EXECUTABLE_FOLDER_PATH)/AliasVault";
			};
			name = Debug;
		};
		CEE480A42DBE86DD00F4A367 /* Release */ = {
			isa = XCBuildConfiguration;
			baseConfigurationReference = B18F3A7E310165C29C8C6DFE /* Pods-VaultStoreKitTests.release.xcconfig */;
			buildSettings = {
				ASSETCATALOG_COMPILER_GENERATE_SWIFT_ASSET_SYMBOL_EXTENSIONS = YES;
				CLANG_ANALYZER_NONNULL = YES;
				CLANG_ANALYZER_NUMBER_OBJECT_CONVERSION = YES_AGGRESSIVE;
				CLANG_ENABLE_OBJC_WEAK = YES;
				CLANG_WARN_DOCUMENTATION_COMMENTS = YES;
				CLANG_WARN_UNGUARDED_AVAILABILITY = YES_AGGRESSIVE;
				CODE_SIGN_STYLE = Automatic;
				COPY_PHASE_STRIP = NO;
				CURRENT_PROJECT_VERSION = 12;
				DEBUG_INFORMATION_FORMAT = "dwarf-with-dsym";
				DEVELOPMENT_TEAM = 8PHW4HN3F7;
				ENABLE_USER_SCRIPT_SANDBOXING = YES;
				GCC_C_LANGUAGE_STANDARD = gnu17;
				GENERATE_INFOPLIST_FILE = YES;
				IPHONEOS_DEPLOYMENT_TARGET = 15.6;
				LOCALIZATION_PREFERS_STRING_CATALOGS = YES;
				MARKETING_VERSION = 1.0;
				MTL_FAST_MATH = YES;
				OTHER_SWIFT_FLAGS = "$(inherited) -D EXPO_CONFIGURATION_RELEASE";
				PRODUCT_BUNDLE_IDENTIFIER = net.aliasvault.app.VaultStoreKitTests;
				PRODUCT_NAME = "$(TARGET_NAME)";
				SWIFT_COMPILATION_MODE = wholemodule;
				SWIFT_EMIT_LOC_STRINGS = NO;
				SWIFT_VERSION = 5.0;
				TARGETED_DEVICE_FAMILY = "1,2";
				TEST_HOST = "$(BUILT_PRODUCTS_DIR)/AliasVault.app/$(BUNDLE_EXECUTABLE_FOLDER_PATH)/AliasVault";
			};
			name = Release;
		};
		CEE481812DBE8AC800F4A367 /* Debug */ = {
			isa = XCBuildConfiguration;
			baseConfigurationReference = B3C355F5D1686A5CF7706974 /* Pods-VaultUI.debug.xcconfig */;
			buildSettings = {
				ASSETCATALOG_COMPILER_GENERATE_SWIFT_ASSET_SYMBOL_EXTENSIONS = YES;
				BUILD_LIBRARY_FOR_DISTRIBUTION = NO;
				CLANG_ANALYZER_NONNULL = YES;
				CLANG_ANALYZER_NUMBER_OBJECT_CONVERSION = YES_AGGRESSIVE;
				CLANG_ENABLE_OBJC_WEAK = YES;
				CLANG_WARN_DOCUMENTATION_COMMENTS = YES;
				CLANG_WARN_UNGUARDED_AVAILABILITY = YES_AGGRESSIVE;
				CODE_SIGN_STYLE = Automatic;
				CURRENT_PROJECT_VERSION = 12;
				DEBUG_INFORMATION_FORMAT = dwarf;
				DEVELOPMENT_TEAM = 8PHW4HN3F7;
				DYLIB_COMPATIBILITY_VERSION = 1;
				DYLIB_CURRENT_VERSION = 1;
				DYLIB_INSTALL_NAME_BASE = "@rpath";
				ENABLE_MODULE_VERIFIER = YES;
				ENABLE_USER_SCRIPT_SANDBOXING = YES;
				GCC_C_LANGUAGE_STANDARD = gnu17;
				GENERATE_INFOPLIST_FILE = YES;
				INFOPLIST_KEY_NSHumanReadableCopyright = "";
				INSTALL_PATH = "$(LOCAL_LIBRARY_DIR)/Frameworks";
				IPHONEOS_DEPLOYMENT_TARGET = 15.6;
				LD_RUNPATH_SEARCH_PATHS = (
					"$(inherited)",
					"@executable_path/Frameworks",
					"@loader_path/Frameworks",
				);
				LOCALIZATION_PREFERS_STRING_CATALOGS = YES;
				MARKETING_VERSION = 1.0;
				MODULE_VERIFIER_SUPPORTED_LANGUAGES = "objective-c objective-c++";
				MODULE_VERIFIER_SUPPORTED_LANGUAGE_STANDARDS = "gnu17 gnu++20";
				MTL_ENABLE_DEBUG_INFO = INCLUDE_SOURCE;
				MTL_FAST_MATH = YES;
				OTHER_SWIFT_FLAGS = "$(inherited) -D EXPO_CONFIGURATION_DEBUG";
				PRODUCT_BUNDLE_IDENTIFIER = net.aliasvault.app.VaultUI;
				PRODUCT_NAME = "$(TARGET_NAME:c99extidentifier)";
				SKIP_INSTALL = YES;
				SWIFT_ACTIVE_COMPILATION_CONDITIONS = "DEBUG $(inherited)";
				SWIFT_EMIT_LOC_STRINGS = YES;
				SWIFT_INSTALL_MODULE = YES;
				SWIFT_INSTALL_OBJC_HEADER = NO;
				SWIFT_OPTIMIZATION_LEVEL = "-Onone";
				SWIFT_VERSION = 5.0;
				TARGETED_DEVICE_FAMILY = "1,2";
				VERSIONING_SYSTEM = "apple-generic";
				VERSION_INFO_PREFIX = "";
			};
			name = Debug;
		};
		CEE481822DBE8AC800F4A367 /* Release */ = {
			isa = XCBuildConfiguration;
			baseConfigurationReference = 1A927300CBD3BFE2B7A3CA37 /* Pods-VaultUI.release.xcconfig */;
			buildSettings = {
				ASSETCATALOG_COMPILER_GENERATE_SWIFT_ASSET_SYMBOL_EXTENSIONS = YES;
				BUILD_LIBRARY_FOR_DISTRIBUTION = NO;
				CLANG_ANALYZER_NONNULL = YES;
				CLANG_ANALYZER_NUMBER_OBJECT_CONVERSION = YES_AGGRESSIVE;
				CLANG_ENABLE_OBJC_WEAK = YES;
				CLANG_WARN_DOCUMENTATION_COMMENTS = YES;
				CLANG_WARN_UNGUARDED_AVAILABILITY = YES_AGGRESSIVE;
				CODE_SIGN_STYLE = Automatic;
				COPY_PHASE_STRIP = NO;
				CURRENT_PROJECT_VERSION = 12;
				DEBUG_INFORMATION_FORMAT = "dwarf-with-dsym";
				DEVELOPMENT_TEAM = 8PHW4HN3F7;
				DYLIB_COMPATIBILITY_VERSION = 1;
				DYLIB_CURRENT_VERSION = 1;
				DYLIB_INSTALL_NAME_BASE = "@rpath";
				ENABLE_MODULE_VERIFIER = YES;
				ENABLE_USER_SCRIPT_SANDBOXING = YES;
				GCC_C_LANGUAGE_STANDARD = gnu17;
				GENERATE_INFOPLIST_FILE = YES;
				INFOPLIST_KEY_NSHumanReadableCopyright = "";
				INSTALL_PATH = "$(LOCAL_LIBRARY_DIR)/Frameworks";
				IPHONEOS_DEPLOYMENT_TARGET = 15.6;
				LD_RUNPATH_SEARCH_PATHS = (
					"$(inherited)",
					"@executable_path/Frameworks",
					"@loader_path/Frameworks",
				);
				LOCALIZATION_PREFERS_STRING_CATALOGS = YES;
				MARKETING_VERSION = 1.0;
				MODULE_VERIFIER_SUPPORTED_LANGUAGES = "objective-c objective-c++";
				MODULE_VERIFIER_SUPPORTED_LANGUAGE_STANDARDS = "gnu17 gnu++20";
				MTL_FAST_MATH = YES;
				OTHER_SWIFT_FLAGS = "$(inherited) -D EXPO_CONFIGURATION_RELEASE";
				PRODUCT_BUNDLE_IDENTIFIER = net.aliasvault.app.VaultUI;
				PRODUCT_NAME = "$(TARGET_NAME:c99extidentifier)";
				SKIP_INSTALL = YES;
				SWIFT_COMPILATION_MODE = wholemodule;
				SWIFT_EMIT_LOC_STRINGS = YES;
				SWIFT_INSTALL_MODULE = YES;
				SWIFT_INSTALL_OBJC_HEADER = NO;
				SWIFT_VERSION = 5.0;
				TARGETED_DEVICE_FAMILY = "1,2";
				VERSIONING_SYSTEM = "apple-generic";
				VERSION_INFO_PREFIX = "";
			};
			name = Release;
		};
		CEE482C22DBE8EFF00F4A367 /* Debug */ = {
			isa = XCBuildConfiguration;
			buildSettings = {
				ASSETCATALOG_COMPILER_GENERATE_SWIFT_ASSET_SYMBOL_EXTENSIONS = YES;
				BUILD_LIBRARY_FOR_DISTRIBUTION = NO;
				CLANG_ANALYZER_NONNULL = YES;
				CLANG_ANALYZER_NUMBER_OBJECT_CONVERSION = YES_AGGRESSIVE;
				CLANG_ENABLE_OBJC_WEAK = YES;
				CLANG_WARN_DOCUMENTATION_COMMENTS = YES;
				CLANG_WARN_UNGUARDED_AVAILABILITY = YES_AGGRESSIVE;
				CODE_SIGN_STYLE = Automatic;
				CURRENT_PROJECT_VERSION = 12;
				DEBUG_INFORMATION_FORMAT = dwarf;
				DEVELOPMENT_TEAM = 8PHW4HN3F7;
				DYLIB_COMPATIBILITY_VERSION = 1;
				DYLIB_CURRENT_VERSION = 1;
				DYLIB_INSTALL_NAME_BASE = "@rpath";
				ENABLE_MODULE_VERIFIER = YES;
				ENABLE_USER_SCRIPT_SANDBOXING = YES;
				GCC_C_LANGUAGE_STANDARD = gnu17;
				GENERATE_INFOPLIST_FILE = YES;
				INFOPLIST_KEY_NSHumanReadableCopyright = "";
				INSTALL_PATH = "$(LOCAL_LIBRARY_DIR)/Frameworks";
				IPHONEOS_DEPLOYMENT_TARGET = 15.6;
				LD_RUNPATH_SEARCH_PATHS = (
					"$(inherited)",
					"@executable_path/Frameworks",
					"@loader_path/Frameworks",
				);
				LOCALIZATION_PREFERS_STRING_CATALOGS = YES;
				MARKETING_VERSION = 1.0;
				MODULE_VERIFIER_SUPPORTED_LANGUAGES = "objective-c objective-c++";
				MODULE_VERIFIER_SUPPORTED_LANGUAGE_STANDARDS = "gnu17 gnu++20";
				MTL_ENABLE_DEBUG_INFO = INCLUDE_SOURCE;
				MTL_FAST_MATH = YES;
				OTHER_SWIFT_FLAGS = "$(inherited) -D EXPO_CONFIGURATION_DEBUG";
				PRODUCT_BUNDLE_IDENTIFIER = net.aliasvault.app.VaultModels;
				PRODUCT_NAME = "$(TARGET_NAME:c99extidentifier)";
				SKIP_INSTALL = YES;
				SWIFT_ACTIVE_COMPILATION_CONDITIONS = "DEBUG $(inherited)";
				SWIFT_EMIT_LOC_STRINGS = YES;
				SWIFT_INSTALL_MODULE = YES;
				SWIFT_INSTALL_OBJC_HEADER = NO;
				SWIFT_OPTIMIZATION_LEVEL = "-Onone";
				SWIFT_VERSION = 5.0;
				TARGETED_DEVICE_FAMILY = "1,2";
				VERSIONING_SYSTEM = "apple-generic";
				VERSION_INFO_PREFIX = "";
			};
			name = Debug;
		};
		CEE482C32DBE8EFF00F4A367 /* Release */ = {
			isa = XCBuildConfiguration;
			buildSettings = {
				ASSETCATALOG_COMPILER_GENERATE_SWIFT_ASSET_SYMBOL_EXTENSIONS = YES;
				BUILD_LIBRARY_FOR_DISTRIBUTION = NO;
				CLANG_ANALYZER_NONNULL = YES;
				CLANG_ANALYZER_NUMBER_OBJECT_CONVERSION = YES_AGGRESSIVE;
				CLANG_ENABLE_OBJC_WEAK = YES;
				CLANG_WARN_DOCUMENTATION_COMMENTS = YES;
				CLANG_WARN_UNGUARDED_AVAILABILITY = YES_AGGRESSIVE;
				CODE_SIGN_STYLE = Automatic;
				COPY_PHASE_STRIP = NO;
				CURRENT_PROJECT_VERSION = 12;
				DEBUG_INFORMATION_FORMAT = "dwarf-with-dsym";
				DEVELOPMENT_TEAM = 8PHW4HN3F7;
				DYLIB_COMPATIBILITY_VERSION = 1;
				DYLIB_CURRENT_VERSION = 1;
				DYLIB_INSTALL_NAME_BASE = "@rpath";
				ENABLE_MODULE_VERIFIER = YES;
				ENABLE_USER_SCRIPT_SANDBOXING = YES;
				GCC_C_LANGUAGE_STANDARD = gnu17;
				GENERATE_INFOPLIST_FILE = YES;
				INFOPLIST_KEY_NSHumanReadableCopyright = "";
				INSTALL_PATH = "$(LOCAL_LIBRARY_DIR)/Frameworks";
				IPHONEOS_DEPLOYMENT_TARGET = 15.6;
				LD_RUNPATH_SEARCH_PATHS = (
					"$(inherited)",
					"@executable_path/Frameworks",
					"@loader_path/Frameworks",
				);
				LOCALIZATION_PREFERS_STRING_CATALOGS = YES;
				MARKETING_VERSION = 1.0;
				MODULE_VERIFIER_SUPPORTED_LANGUAGES = "objective-c objective-c++";
				MODULE_VERIFIER_SUPPORTED_LANGUAGE_STANDARDS = "gnu17 gnu++20";
				MTL_FAST_MATH = YES;
				OTHER_SWIFT_FLAGS = "$(inherited) -D EXPO_CONFIGURATION_RELEASE";
				PRODUCT_BUNDLE_IDENTIFIER = net.aliasvault.app.VaultModels;
				PRODUCT_NAME = "$(TARGET_NAME:c99extidentifier)";
				SKIP_INSTALL = YES;
				SWIFT_COMPILATION_MODE = wholemodule;
				SWIFT_EMIT_LOC_STRINGS = YES;
				SWIFT_INSTALL_MODULE = YES;
				SWIFT_INSTALL_OBJC_HEADER = NO;
				SWIFT_VERSION = 5.0;
				TARGETED_DEVICE_FAMILY = "1,2";
				VERSIONING_SYSTEM = "apple-generic";
				VERSION_INFO_PREFIX = "";
			};
			name = Release;
		};
		CEE9098D2DA548C7008D568F /* Debug */ = {
			isa = XCBuildConfiguration;
			baseConfigurationReference = F8E67ADE689A44F7301E9453 /* Pods-Autofill.debug.xcconfig */;
			buildSettings = {
				ASSETCATALOG_COMPILER_GENERATE_SWIFT_ASSET_SYMBOL_EXTENSIONS = YES;
				CLANG_ANALYZER_NONNULL = YES;
				CLANG_ANALYZER_NUMBER_OBJECT_CONVERSION = YES_AGGRESSIVE;
				CLANG_ENABLE_MODULES = YES;
				CLANG_ENABLE_OBJC_WEAK = YES;
				CLANG_WARN_DOCUMENTATION_COMMENTS = YES;
				CLANG_WARN_UNGUARDED_AVAILABILITY = YES_AGGRESSIVE;
				CODE_SIGN_ENTITLEMENTS = autofill/autofill.entitlements;
				CODE_SIGN_STYLE = Automatic;
				CURRENT_PROJECT_VERSION = 12;
				DEBUG_INFORMATION_FORMAT = dwarf;
				DEVELOPMENT_TEAM = 8PHW4HN3F7;
				ENABLE_USER_SCRIPT_SANDBOXING = YES;
				GCC_C_LANGUAGE_STANDARD = gnu17;
				GENERATE_INFOPLIST_FILE = YES;
				INFOPLIST_FILE = autofill/Info.plist;
				INFOPLIST_KEY_CFBundleDisplayName = "AliasVault AutoFill";
				INFOPLIST_KEY_NSHumanReadableCopyright = "";
				IPHONEOS_DEPLOYMENT_TARGET = 15.6;
				LD_RUNPATH_SEARCH_PATHS = (
					"$(inherited)",
					"@executable_path/Frameworks",
					"@executable_path/../../Frameworks",
				);
				LOCALIZATION_PREFERS_STRING_CATALOGS = YES;
				MARKETING_VERSION = 0.21.2;
				MTL_ENABLE_DEBUG_INFO = INCLUDE_SOURCE;
				MTL_FAST_MATH = YES;
				OTHER_SWIFT_FLAGS = "$(inherited) -D EXPO_CONFIGURATION_DEBUG";
				PRODUCT_BUNDLE_IDENTIFIER = net.aliasvault.app.autofill;
				PRODUCT_NAME = "$(TARGET_NAME)";
				SKIP_INSTALL = YES;
				SWIFT_ACTIVE_COMPILATION_CONDITIONS = "DEBUG $(inherited)";
				SWIFT_EMIT_LOC_STRINGS = YES;
				SWIFT_OPTIMIZATION_LEVEL = "-Onone";
				SWIFT_VERSION = 5.0;
				TARGETED_DEVICE_FAMILY = "1,2";
			};
			name = Debug;
		};
		CEE9098E2DA548C7008D568F /* Release */ = {
			isa = XCBuildConfiguration;
			baseConfigurationReference = 587654EE2E1F1914DBBD7F37 /* Pods-Autofill.release.xcconfig */;
			buildSettings = {
				ASSETCATALOG_COMPILER_GENERATE_SWIFT_ASSET_SYMBOL_EXTENSIONS = YES;
				CLANG_ANALYZER_NONNULL = YES;
				CLANG_ANALYZER_NUMBER_OBJECT_CONVERSION = YES_AGGRESSIVE;
				CLANG_ENABLE_MODULES = YES;
				CLANG_ENABLE_OBJC_WEAK = YES;
				CLANG_WARN_DOCUMENTATION_COMMENTS = YES;
				CLANG_WARN_UNGUARDED_AVAILABILITY = YES_AGGRESSIVE;
				CODE_SIGN_ENTITLEMENTS = autofill/autofill.entitlements;
				CODE_SIGN_STYLE = Automatic;
				COPY_PHASE_STRIP = NO;
				CURRENT_PROJECT_VERSION = 12;
				DEBUG_INFORMATION_FORMAT = "dwarf-with-dsym";
				DEVELOPMENT_TEAM = 8PHW4HN3F7;
				ENABLE_USER_SCRIPT_SANDBOXING = YES;
				GCC_C_LANGUAGE_STANDARD = gnu17;
				GENERATE_INFOPLIST_FILE = YES;
				INFOPLIST_FILE = autofill/Info.plist;
				INFOPLIST_KEY_CFBundleDisplayName = "AliasVault AutoFill";
				INFOPLIST_KEY_NSHumanReadableCopyright = "";
				IPHONEOS_DEPLOYMENT_TARGET = 15.6;
				LD_RUNPATH_SEARCH_PATHS = (
					"$(inherited)",
					"@executable_path/Frameworks",
					"@executable_path/../../Frameworks",
				);
				LOCALIZATION_PREFERS_STRING_CATALOGS = YES;
				MARKETING_VERSION = 0.21.2;
				MTL_FAST_MATH = YES;
				OTHER_SWIFT_FLAGS = "$(inherited) -D EXPO_CONFIGURATION_RELEASE";
				PRODUCT_BUNDLE_IDENTIFIER = net.aliasvault.app.autofill;
				PRODUCT_NAME = "$(TARGET_NAME)";
				SKIP_INSTALL = YES;
				SWIFT_COMPILATION_MODE = wholemodule;
				SWIFT_EMIT_LOC_STRINGS = YES;
				SWIFT_VERSION = 5.0;
				TARGETED_DEVICE_FAMILY = "1,2";
			};
			name = Release;
		};
/* End XCBuildConfiguration section */

/* Begin XCConfigurationList section */
		13B07F931A680F5B00A75B9A /* Build configuration list for PBXNativeTarget "AliasVault" */ = {
			isa = XCConfigurationList;
			buildConfigurations = (
				13B07F941A680F5B00A75B9A /* Debug */,
				13B07F951A680F5B00A75B9A /* Release */,
			);
			defaultConfigurationIsVisible = 0;
			defaultConfigurationName = Release;
		};
		83CBB9FA1A601CBA00E9B192 /* Build configuration list for PBXProject "AliasVault" */ = {
			isa = XCConfigurationList;
			buildConfigurations = (
				83CBBA201A601CBA00E9B192 /* Debug */,
				83CBBA211A601CBA00E9B192 /* Release */,
			);
			defaultConfigurationIsVisible = 0;
			defaultConfigurationName = Release;
		};
		CEE4809E2DBE86DD00F4A367 /* Build configuration list for PBXNativeTarget "VaultStoreKit" */ = {
			isa = XCConfigurationList;
			buildConfigurations = (
				CEE4809F2DBE86DD00F4A367 /* Debug */,
				CEE480A02DBE86DD00F4A367 /* Release */,
			);
			defaultConfigurationIsVisible = 0;
			defaultConfigurationName = Release;
		};
		CEE480A22DBE86DD00F4A367 /* Build configuration list for PBXNativeTarget "VaultStoreKitTests" */ = {
			isa = XCConfigurationList;
			buildConfigurations = (
				CEE480A32DBE86DD00F4A367 /* Debug */,
				CEE480A42DBE86DD00F4A367 /* Release */,
			);
			defaultConfigurationIsVisible = 0;
			defaultConfigurationName = Release;
		};
		CEE481852DBE8AC800F4A367 /* Build configuration list for PBXNativeTarget "VaultUI" */ = {
			isa = XCConfigurationList;
			buildConfigurations = (
				CEE481812DBE8AC800F4A367 /* Debug */,
				CEE481822DBE8AC800F4A367 /* Release */,
			);
			defaultConfigurationIsVisible = 0;
			defaultConfigurationName = Release;
		};
		CEE482C12DBE8EFF00F4A367 /* Build configuration list for PBXNativeTarget "VaultModels" */ = {
			isa = XCConfigurationList;
			buildConfigurations = (
				CEE482C22DBE8EFF00F4A367 /* Debug */,
				CEE482C32DBE8EFF00F4A367 /* Release */,
			);
			defaultConfigurationIsVisible = 0;
			defaultConfigurationName = Release;
		};
		CEE909902DA548C7008D568F /* Build configuration list for PBXNativeTarget "Autofill" */ = {
			isa = XCConfigurationList;
			buildConfigurations = (
				CEE9098D2DA548C7008D568F /* Debug */,
				CEE9098E2DA548C7008D568F /* Release */,
			);
			defaultConfigurationIsVisible = 0;
			defaultConfigurationName = Release;
		};
/* End XCConfigurationList section */
	};
	rootObject = 83CBB9F71A601CBA00E9B192 /* Project object */;
}
